// !$*UTF8*$!
{
	archiveVersion = 1;
	classes = {
	};
	objectVersion = 46;
	objects = {

/* Begin PBXBuildFile section */
		05EAD68F1ADC1F5F00DCCBB7 /* AppDelegate.swift in Sources */ = {isa = PBXBuildFile; fileRef = 05EAD68E1ADC1F5F00DCCBB7 /* AppDelegate.swift */; };
		05EAD6941ADC1F5F00DCCBB7 /* Main.storyboard in Resources */ = {isa = PBXBuildFile; fileRef = 05EAD6921ADC1F5F00DCCBB7 /* Main.storyboard */; };
		05EAD6961ADC1F5F00DCCBB7 /* Images.xcassets in Resources */ = {isa = PBXBuildFile; fileRef = 05EAD6951ADC1F5F00DCCBB7 /* Images.xcassets */; };
		05EAD6991ADC1F5F00DCCBB7 /* LaunchScreen.xib in Resources */ = {isa = PBXBuildFile; fileRef = 05EAD6971ADC1F5F00DCCBB7 /* LaunchScreen.xib */; };
		05EAD6AF1ADC1FD200DCCBB7 /* ViewController.swift in Sources */ = {isa = PBXBuildFile; fileRef = 05EAD6AE1ADC1FD200DCCBB7 /* ViewController.swift */; };
		05EAD6D21ADCBAB500DCCBB7 /* BeaconStore.swift in Sources */ = {isa = PBXBuildFile; fileRef = 05EAD6D11ADCBAB500DCCBB7 /* BeaconStore.swift */; };
		05EAD6DA1ADD6F0A00DCCBB7 /* UIAlertControllerExtensions.swift in Sources */ = {isa = PBXBuildFile; fileRef = 05EAD6D91ADD6F0A00DCCBB7 /* UIAlertControllerExtensions.swift */; };
		11A72899716B5151327FF84A /* Pods_Beacon.framework in Frameworks */ = {isa = PBXBuildFile; fileRef = AF3C46E48E5E873EBDA0716B /* Pods_Beacon.framework */; };
/* End PBXBuildFile section */

/* Begin PBXCopyFilesBuildPhase section */
		05EAD6CF1ADCB9FA00DCCBB7 /* Embed Frameworks */ = {
			isa = PBXCopyFilesBuildPhase;
			buildActionMask = 2147483647;
			dstPath = "";
			dstSubfolderSpec = 10;
			files = (
			);
			name = "Embed Frameworks";
			runOnlyForDeploymentPostprocessing = 0;
		};
/* End PBXCopyFilesBuildPhase section */

/* Begin PBXFileReference section */
		05EAD6891ADC1F5F00DCCBB7 /* Beacon.app */ = {isa = PBXFileReference; explicitFileType = wrapper.application; includeInIndex = 0; path = Beacon.app; sourceTree = BUILT_PRODUCTS_DIR; };
		05EAD68D1ADC1F5F00DCCBB7 /* Info.plist */ = {isa = PBXFileReference; lastKnownFileType = text.plist.xml; path = Info.plist; sourceTree = "<group>"; };
		05EAD68E1ADC1F5F00DCCBB7 /* AppDelegate.swift */ = {isa = PBXFileReference; lastKnownFileType = sourcecode.swift; path = AppDelegate.swift; sourceTree = "<group>"; };
		05EAD6931ADC1F5F00DCCBB7 /* Base */ = {isa = PBXFileReference; lastKnownFileType = file.storyboard; name = Base; path = Base.lproj/Main.storyboard; sourceTree = "<group>"; };
		05EAD6951ADC1F5F00DCCBB7 /* Images.xcassets */ = {isa = PBXFileReference; lastKnownFileType = folder.assetcatalog; path = Images.xcassets; sourceTree = "<group>"; };
		05EAD6981ADC1F5F00DCCBB7 /* Base */ = {isa = PBXFileReference; lastKnownFileType = file.xib; name = Base; path = Base.lproj/LaunchScreen.xib; sourceTree = "<group>"; };
		05EAD6AE1ADC1FD200DCCBB7 /* ViewController.swift */ = {isa = PBXFileReference; fileEncoding = 4; lastKnownFileType = sourcecode.swift; path = ViewController.swift; sourceTree = "<group>"; };
		05EAD6D11ADCBAB500DCCBB7 /* BeaconStore.swift */ = {isa = PBXFileReference; fileEncoding = 4; lastKnownFileType = sourcecode.swift; path = BeaconStore.swift; sourceTree = "<group>"; };
		05EAD6D91ADD6F0A00DCCBB7 /* UIAlertControllerExtensions.swift */ = {isa = PBXFileReference; fileEncoding = 4; lastKnownFileType = sourcecode.swift; path = UIAlertControllerExtensions.swift; sourceTree = "<group>"; };
		30E885CFDEDEEEE5601A92C6 /* Pods-Beacon.release.xcconfig */ = {isa = PBXFileReference; includeInIndex = 1; lastKnownFileType = text.xcconfig; name = "Pods-Beacon.release.xcconfig"; path = "Pods/Target Support Files/Pods-Beacon/Pods-Beacon.release.xcconfig"; sourceTree = "<group>"; };
		4B6904FCFB30535A4449DE2E /* Pods-Beacon.debug.xcconfig */ = {isa = PBXFileReference; includeInIndex = 1; lastKnownFileType = text.xcconfig; name = "Pods-Beacon.debug.xcconfig"; path = "Pods/Target Support Files/Pods-Beacon/Pods-Beacon.debug.xcconfig"; sourceTree = "<group>"; };
		AF3C46E48E5E873EBDA0716B /* Pods_Beacon.framework */ = {isa = PBXFileReference; explicitFileType = wrapper.framework; includeInIndex = 0; path = Pods_Beacon.framework; sourceTree = BUILT_PRODUCTS_DIR; };
/* End PBXFileReference section */

/* Begin PBXFrameworksBuildPhase section */
		05EAD6861ADC1F5F00DCCBB7 /* Frameworks */ = {
			isa = PBXFrameworksBuildPhase;
			buildActionMask = 2147483647;
			files = (
				11A72899716B5151327FF84A /* Pods_Beacon.framework in Frameworks */,
			);
			runOnlyForDeploymentPostprocessing = 0;
		};
/* End PBXFrameworksBuildPhase section */

/* Begin PBXGroup section */
		05EAD6801ADC1F5F00DCCBB7 = {
			isa = PBXGroup;
			children = (
				05EAD68B1ADC1F5F00DCCBB7 /* Beacon */,
				05EAD68A1ADC1F5F00DCCBB7 /* Products */,
				9F6D77BBE05F86BD44722836 /* Pods */,
				DCDFCE7B032218AC2A8F03AF /* Frameworks */,
			);
			sourceTree = "<group>";
		};
		05EAD68A1ADC1F5F00DCCBB7 /* Products */ = {
			isa = PBXGroup;
			children = (
				05EAD6891ADC1F5F00DCCBB7 /* Beacon.app */,
			);
			name = Products;
			sourceTree = "<group>";
		};
		05EAD68B1ADC1F5F00DCCBB7 /* Beacon */ = {
			isa = PBXGroup;
			children = (
				05EAD68E1ADC1F5F00DCCBB7 /* AppDelegate.swift */,
				05EAD6D11ADCBAB500DCCBB7 /* BeaconStore.swift */,
				05EAD6D91ADD6F0A00DCCBB7 /* UIAlertControllerExtensions.swift */,
				05EAD6AE1ADC1FD200DCCBB7 /* ViewController.swift */,
				05EAD6951ADC1F5F00DCCBB7 /* Images.xcassets */,
				05EAD6971ADC1F5F00DCCBB7 /* LaunchScreen.xib */,
				05EAD6921ADC1F5F00DCCBB7 /* Main.storyboard */,
				05EAD68C1ADC1F5F00DCCBB7 /* Supporting Files */,
			);
			path = Beacon;
			sourceTree = "<group>";
		};
		05EAD68C1ADC1F5F00DCCBB7 /* Supporting Files */ = {
			isa = PBXGroup;
			children = (
				05EAD68D1ADC1F5F00DCCBB7 /* Info.plist */,
			);
			name = "Supporting Files";
			sourceTree = "<group>";
		};
		9F6D77BBE05F86BD44722836 /* Pods */ = {
			isa = PBXGroup;
			children = (
				4B6904FCFB30535A4449DE2E /* Pods-Beacon.debug.xcconfig */,
				30E885CFDEDEEEE5601A92C6 /* Pods-Beacon.release.xcconfig */,
			);
			name = Pods;
			sourceTree = "<group>";
		};
		DCDFCE7B032218AC2A8F03AF /* Frameworks */ = {
			isa = PBXGroup;
			children = (
				AF3C46E48E5E873EBDA0716B /* Pods_Beacon.framework */,
			);
			name = Frameworks;
			sourceTree = "<group>";
		};
/* End PBXGroup section */

/* Begin PBXNativeTarget section */
		05EAD6881ADC1F5F00DCCBB7 /* Beacon */ = {
			isa = PBXNativeTarget;
			buildConfigurationList = 05EAD6A81ADC1F5F00DCCBB7 /* Build configuration list for PBXNativeTarget "Beacon" */;
			buildPhases = (
				2DFB7A765CC09C3997CD2958 /* [CP] Check Pods Manifest.lock */,
				05EAD6851ADC1F5F00DCCBB7 /* Sources */,
				05EAD6861ADC1F5F00DCCBB7 /* Frameworks */,
				05EAD6871ADC1F5F00DCCBB7 /* Resources */,
				05EAD6CF1ADCB9FA00DCCBB7 /* Embed Frameworks */,
				D66F51A3F5DD69DB4E6BE3EF /* [CP] Embed Pods Frameworks */,
				0F233FDFA070901EBCAA1A56 /* [CP] Copy Pods Resources */,
			);
			buildRules = (
			);
			dependencies = (
			);
			name = Beacon;
			productName = Beacon;
			productReference = 05EAD6891ADC1F5F00DCCBB7 /* Beacon.app */;
			productType = "com.apple.product-type.application";
		};
/* End PBXNativeTarget section */

/* Begin PBXProject section */
		05EAD6811ADC1F5F00DCCBB7 /* Project object */ = {
			isa = PBXProject;
			attributes = {
				LastSwiftUpdateCheck = 0700;
				LastUpgradeCheck = 0900;
				ORGANIZATIONNAME = "Troy Stribling";
				TargetAttributes = {
					05EAD6881ADC1F5F00DCCBB7 = {
						CreatedOnToolsVersion = 6.3;
						DevelopmentTeam = HZEX459C37;
						LastSwiftMigration = 0900;
						SystemCapabilities = {
							com.apple.BackgroundModes = {
								enabled = 1;
							};
						};
					};
				};
			};
			buildConfigurationList = 05EAD6841ADC1F5F00DCCBB7 /* Build configuration list for PBXProject "Beacon" */;
			compatibilityVersion = "Xcode 3.2";
			developmentRegion = English;
			hasScannedForEncodings = 0;
			knownRegions = (
				en,
				Base,
			);
			mainGroup = 05EAD6801ADC1F5F00DCCBB7;
			productRefGroup = 05EAD68A1ADC1F5F00DCCBB7 /* Products */;
			projectDirPath = "";
			projectRoot = "";
			targets = (
				05EAD6881ADC1F5F00DCCBB7 /* Beacon */,
			);
		};
/* End PBXProject section */

/* Begin PBXResourcesBuildPhase section */
		05EAD6871ADC1F5F00DCCBB7 /* Resources */ = {
			isa = PBXResourcesBuildPhase;
			buildActionMask = 2147483647;
			files = (
				05EAD6941ADC1F5F00DCCBB7 /* Main.storyboard in Resources */,
				05EAD6991ADC1F5F00DCCBB7 /* LaunchScreen.xib in Resources */,
				05EAD6961ADC1F5F00DCCBB7 /* Images.xcassets in Resources */,
			);
			runOnlyForDeploymentPostprocessing = 0;
		};
/* End PBXResourcesBuildPhase section */

/* Begin PBXShellScriptBuildPhase section */
		0F233FDFA070901EBCAA1A56 /* [CP] Copy Pods Resources */ = {
			isa = PBXShellScriptBuildPhase;
			buildActionMask = 2147483647;
			files = (
			);
			inputPaths = (
			);
			name = "[CP] Copy Pods Resources";
			outputPaths = (
			);
			runOnlyForDeploymentPostprocessing = 0;
			shellPath = /bin/sh;
			shellScript = "\"${SRCROOT}/Pods/Target Support Files/Pods-Beacon/Pods-Beacon-resources.sh\"\n";
			showEnvVarsInLog = 0;
		};
		2DFB7A765CC09C3997CD2958 /* [CP] Check Pods Manifest.lock */ = {
			isa = PBXShellScriptBuildPhase;
			buildActionMask = 2147483647;
			files = (
			);
			inputPaths = (
			);
			name = "[CP] Check Pods Manifest.lock";
			outputPaths = (
			);
			runOnlyForDeploymentPostprocessing = 0;
			shellPath = /bin/sh;
			shellScript = "diff \"${PODS_PODFILE_DIR_PATH}/Podfile.lock\" \"${PODS_ROOT}/Manifest.lock\" > /dev/null\nif [ $? != 0 ] ; then\n    # print error to STDERR\n    echo \"error: The sandbox is not in sync with the Podfile.lock. Run 'pod install' or update your CocoaPods installation.\" >&2\n    exit 1\nfi\n";
			showEnvVarsInLog = 0;
		};
		D66F51A3F5DD69DB4E6BE3EF /* [CP] Embed Pods Frameworks */ = {
			isa = PBXShellScriptBuildPhase;
			buildActionMask = 2147483647;
			files = (
			);
			inputPaths = (
			);
			name = "[CP] Embed Pods Frameworks";
			outputPaths = (
			);
			runOnlyForDeploymentPostprocessing = 0;
			shellPath = /bin/sh;
			shellScript = "\"${SRCROOT}/Pods/Target Support Files/Pods-Beacon/Pods-Beacon-frameworks.sh\"\n";
			showEnvVarsInLog = 0;
		};
/* End PBXShellScriptBuildPhase section */

/* Begin PBXSourcesBuildPhase section */
		05EAD6851ADC1F5F00DCCBB7 /* Sources */ = {
			isa = PBXSourcesBuildPhase;
			buildActionMask = 2147483647;
			files = (
				05EAD6AF1ADC1FD200DCCBB7 /* ViewController.swift in Sources */,
				05EAD68F1ADC1F5F00DCCBB7 /* AppDelegate.swift in Sources */,
				05EAD6DA1ADD6F0A00DCCBB7 /* UIAlertControllerExtensions.swift in Sources */,
				05EAD6D21ADCBAB500DCCBB7 /* BeaconStore.swift in Sources */,
			);
			runOnlyForDeploymentPostprocessing = 0;
		};
/* End PBXSourcesBuildPhase section */

/* Begin PBXVariantGroup section */
		05EAD6921ADC1F5F00DCCBB7 /* Main.storyboard */ = {
			isa = PBXVariantGroup;
			children = (
				05EAD6931ADC1F5F00DCCBB7 /* Base */,
			);
			name = Main.storyboard;
			sourceTree = "<group>";
		};
		05EAD6971ADC1F5F00DCCBB7 /* LaunchScreen.xib */ = {
			isa = PBXVariantGroup;
			children = (
				05EAD6981ADC1F5F00DCCBB7 /* Base */,
			);
			name = LaunchScreen.xib;
			sourceTree = "<group>";
		};
/* End PBXVariantGroup section */

/* Begin XCBuildConfiguration section */
		05EAD6A61ADC1F5F00DCCBB7 /* Debug */ = {
			isa = XCBuildConfiguration;
			buildSettings = {
				ALWAYS_SEARCH_USER_PATHS = NO;
				CLANG_CXX_LANGUAGE_STANDARD = "gnu++0x";
				CLANG_CXX_LIBRARY = "libc++";
				CLANG_ENABLE_MODULES = YES;
				CLANG_ENABLE_OBJC_ARC = YES;
				CLANG_WARN_BLOCK_CAPTURE_AUTORELEASING = YES;
				CLANG_WARN_BOOL_CONVERSION = YES;
				CLANG_WARN_COMMA = YES;
				CLANG_WARN_CONSTANT_CONVERSION = YES;
				CLANG_WARN_DIRECT_OBJC_ISA_USAGE = YES_ERROR;
				CLANG_WARN_EMPTY_BODY = YES;
				CLANG_WARN_ENUM_CONVERSION = YES;
				CLANG_WARN_INFINITE_RECURSION = YES;
				CLANG_WARN_INT_CONVERSION = YES;
				CLANG_WARN_NON_LITERAL_NULL_CONVERSION = YES;
				CLANG_WARN_OBJC_LITERAL_CONVERSION = YES;
				CLANG_WARN_OBJC_ROOT_CLASS = YES_ERROR;
				CLANG_WARN_RANGE_LOOP_ANALYSIS = YES;
				CLANG_WARN_STRICT_PROTOTYPES = YES;
				CLANG_WARN_SUSPICIOUS_MOVE = YES;
				CLANG_WARN_UNREACHABLE_CODE = YES;
				CLANG_WARN__DUPLICATE_METHOD_MATCH = YES;
				"CODE_SIGN_IDENTITY[sdk=iphoneos*]" = "iPhone Developer";
				COPY_PHASE_STRIP = NO;
				DEBUG_INFORMATION_FORMAT = "dwarf-with-dsym";
				ENABLE_STRICT_OBJC_MSGSEND = YES;
				ENABLE_TESTABILITY = YES;
				GCC_C_LANGUAGE_STANDARD = gnu99;
				GCC_DYNAMIC_NO_PIC = NO;
				GCC_NO_COMMON_BLOCKS = YES;
				GCC_OPTIMIZATION_LEVEL = 0;
				GCC_PREPROCESSOR_DEFINITIONS = (
					"DEBUG=1",
					"$(inherited)",
				);
				GCC_SYMBOLS_PRIVATE_EXTERN = NO;
				GCC_WARN_64_TO_32_BIT_CONVERSION = YES;
				GCC_WARN_ABOUT_RETURN_TYPE = YES_ERROR;
				GCC_WARN_UNDECLARED_SELECTOR = YES;
				GCC_WARN_UNINITIALIZED_AUTOS = YES_AGGRESSIVE;
				GCC_WARN_UNUSED_FUNCTION = YES;
				GCC_WARN_UNUSED_VARIABLE = YES;
				IPHONEOS_DEPLOYMENT_TARGET = 9.0;
				MTL_ENABLE_DEBUG_INFO = YES;
				ONLY_ACTIVE_ARCH = YES;
				SDKROOT = iphoneos;
				SWIFT_OPTIMIZATION_LEVEL = "-Onone";
			};
			name = Debug;
		};
		05EAD6A71ADC1F5F00DCCBB7 /* Release */ = {
			isa = XCBuildConfiguration;
			buildSettings = {
				ALWAYS_SEARCH_USER_PATHS = NO;
				CLANG_CXX_LANGUAGE_STANDARD = "gnu++0x";
				CLANG_CXX_LIBRARY = "libc++";
				CLANG_ENABLE_MODULES = YES;
				CLANG_ENABLE_OBJC_ARC = YES;
				CLANG_WARN_BLOCK_CAPTURE_AUTORELEASING = YES;
				CLANG_WARN_BOOL_CONVERSION = YES;
				CLANG_WARN_COMMA = YES;
				CLANG_WARN_CONSTANT_CONVERSION = YES;
				CLANG_WARN_DIRECT_OBJC_ISA_USAGE = YES_ERROR;
				CLANG_WARN_EMPTY_BODY = YES;
				CLANG_WARN_ENUM_CONVERSION = YES;
				CLANG_WARN_INFINITE_RECURSION = YES;
				CLANG_WARN_INT_CONVERSION = YES;
				CLANG_WARN_NON_LITERAL_NULL_CONVERSION = YES;
				CLANG_WARN_OBJC_LITERAL_CONVERSION = YES;
				CLANG_WARN_OBJC_ROOT_CLASS = YES_ERROR;
				CLANG_WARN_RANGE_LOOP_ANALYSIS = YES;
				CLANG_WARN_STRICT_PROTOTYPES = YES;
				CLANG_WARN_SUSPICIOUS_MOVE = YES;
				CLANG_WARN_UNREACHABLE_CODE = YES;
				CLANG_WARN__DUPLICATE_METHOD_MATCH = YES;
				"CODE_SIGN_IDENTITY[sdk=iphoneos*]" = "iPhone Developer";
				COPY_PHASE_STRIP = NO;
				DEBUG_INFORMATION_FORMAT = "dwarf-with-dsym";
				ENABLE_NS_ASSERTIONS = NO;
				ENABLE_STRICT_OBJC_MSGSEND = YES;
				GCC_C_LANGUAGE_STANDARD = gnu99;
				GCC_NO_COMMON_BLOCKS = YES;
				GCC_WARN_64_TO_32_BIT_CONVERSION = YES;
				GCC_WARN_ABOUT_RETURN_TYPE = YES_ERROR;
				GCC_WARN_UNDECLARED_SELECTOR = YES;
				GCC_WARN_UNINITIALIZED_AUTOS = YES_AGGRESSIVE;
				GCC_WARN_UNUSED_FUNCTION = YES;
				GCC_WARN_UNUSED_VARIABLE = YES;
				IPHONEOS_DEPLOYMENT_TARGET = 9.0;
				MTL_ENABLE_DEBUG_INFO = NO;
				SDKROOT = iphoneos;
				SWIFT_OPTIMIZATION_LEVEL = "-Owholemodule";
				VALIDATE_PRODUCT = YES;
			};
			name = Release;
		};
		05EAD6A91ADC1F5F00DCCBB7 /* Debug */ = {
			isa = XCBuildConfiguration;
			baseConfigurationReference = 4B6904FCFB30535A4449DE2E /* Pods-Beacon.debug.xcconfig */;
			buildSettings = {
				ASSETCATALOG_COMPILER_APPICON_NAME = AppIcon;
				DEVELOPMENT_TEAM = HZEX459C37;
				INFOPLIST_FILE = Beacon/Info.plist;
				LD_RUNPATH_SEARCH_PATHS = "$(inherited) @executable_path/Frameworks";
				"OTHER_SWIFT_FLAGS[arch=*]" = "-D DEBUG";
				PRODUCT_BUNDLE_IDENTIFIER = "us.gnos.$(PRODUCT_NAME:rfc1034identifier)";
				PRODUCT_NAME = "$(TARGET_NAME)";
				SWIFT_SWIFT3_OBJC_INFERENCE = Default;
				SWIFT_VERSION = 4.0;
			};
			name = Debug;
		};
		05EAD6AA1ADC1F5F00DCCBB7 /* Release */ = {
			isa = XCBuildConfiguration;
			baseConfigurationReference = 30E885CFDEDEEEE5601A92C6 /* Pods-Beacon.release.xcconfig */;
			buildSettings = {
				ASSETCATALOG_COMPILER_APPICON_NAME = AppIcon;
				DEVELOPMENT_TEAM = HZEX459C37;
				INFOPLIST_FILE = Beacon/Info.plist;
				LD_RUNPATH_SEARCH_PATHS = "$(inherited) @executable_path/Frameworks";
				PRODUCT_BUNDLE_IDENTIFIER = "us.gnos.$(PRODUCT_NAME:rfc1034identifier)";
				PRODUCT_NAME = "$(TARGET_NAME)";
				SWIFT_SWIFT3_OBJC_INFERENCE = Default;
				SWIFT_VERSION = 4.0;
			};
			name = Release;
		};
/* End XCBuildConfiguration section */

/* Begin XCConfigurationList section */
		05EAD6841ADC1F5F00DCCBB7 /* Build configuration list for PBXProject "Beacon" */ = {
			isa = XCConfigurationList;
			buildConfigurations = (
				05EAD6A61ADC1F5F00DCCBB7 /* Debug */,
				05EAD6A71ADC1F5F00DCCBB7 /* Release */,
			);
			defaultConfigurationIsVisible = 0;
			defaultConfigurationName = Release;
		};
		05EAD6A81ADC1F5F00DCCBB7 /* Build configuration list for PBXNativeTarget "Beacon" */ = {
			isa = XCConfigurationList;
			buildConfigurations = (
				05EAD6A91ADC1F5F00DCCBB7 /* Debug */,
				05EAD6AA1ADC1F5F00DCCBB7 /* Release */,
			);
			defaultConfigurationIsVisible = 0;
			defaultConfigurationName = Release;
		};
/* End XCConfigurationList section */
	};
	rootObject = 05EAD6811ADC1F5F00DCCBB7 /* Project object */;
}
