// !$*UTF8*$!
{
	archiveVersion = 1;
	classes = {
	};
	objectVersion = 46;
	objects = {

/* Begin PBXBuildFile section */
		05E2D0811AF6ADDB00B34637 /* AppDelegate.swift in Sources */ = {isa = PBXBuildFile; fileRef = 05E2D0801AF6ADDB00B34637 /* AppDelegate.swift */; };
		05E2D0831AF6ADDB00B34637 /* ViewController.swift in Sources */ = {isa = PBXBuildFile; fileRef = 05E2D0821AF6ADDB00B34637 /* ViewController.swift */; };
		05E2D0861AF6ADDB00B34637 /* Main.storyboard in Resources */ = {isa = PBXBuildFile; fileRef = 05E2D0841AF6ADDB00B34637 /* Main.storyboard */; };
		05E2D0881AF6ADDB00B34637 /* Images.xcassets in Resources */ = {isa = PBXBuildFile; fileRef = 05E2D0871AF6ADDB00B34637 /* Images.xcassets */; };
		05E2D08B1AF6ADDB00B34637 /* LaunchScreen.xib in Resources */ = {isa = PBXBuildFile; fileRef = 05E2D0891AF6ADDB00B34637 /* LaunchScreen.xib */; };
		05E2D0B41AF6B24E00B34637 /* SetUpdatePeriodViewController.swift in Sources */ = {isa = PBXBuildFile; fileRef = 05E2D0B21AF6B24E00B34637 /* SetUpdatePeriodViewController.swift */; };
		05E2D0B51AF6B24E00B34637 /* UIAlertControllerExtensions.swift in Sources */ = {isa = PBXBuildFile; fileRef = 05E2D0B31AF6B24E00B34637 /* UIAlertControllerExtensions.swift */; };
		05EF16281DDF8B91009FAE90 /* BlueCapKit.framework in Frameworks */ = {isa = PBXBuildFile; fileRef = 05585BE61D0CA570000F5307 /* BlueCapKit.framework */; };
/* End PBXBuildFile section */

/* Begin PBXCopyFilesBuildPhase section */
		05E2D0AF1AF6B1F100B34637 /* Embed Frameworks */ = {
			isa = PBXCopyFilesBuildPhase;
			buildActionMask = 2147483647;
			dstPath = "";
			dstSubfolderSpec = 10;
			files = (
			);
			name = "Embed Frameworks";
			runOnlyForDeploymentPostprocessing = 0;
		};
/* End PBXCopyFilesBuildPhase section */

/* Begin PBXFileReference section */
		05585BE61D0CA570000F5307 /* BlueCapKit.framework */ = {isa = PBXFileReference; lastKnownFileType = wrapper.framework; name = BlueCapKit.framework; path = Carthage/Build/iOS/BlueCapKit.framework; sourceTree = "<group>"; };
		05E2D07B1AF6ADDB00B34637 /* CentralManagerWithProfile.app */ = {isa = PBXFileReference; explicitFileType = wrapper.application; includeInIndex = 0; path = CentralManagerWithProfile.app; sourceTree = BUILT_PRODUCTS_DIR; };
		05E2D07F1AF6ADDB00B34637 /* Info.plist */ = {isa = PBXFileReference; lastKnownFileType = text.plist.xml; path = Info.plist; sourceTree = "<group>"; };
		05E2D0801AF6ADDB00B34637 /* AppDelegate.swift */ = {isa = PBXFileReference; lastKnownFileType = sourcecode.swift; path = AppDelegate.swift; sourceTree = "<group>"; };
		05E2D0821AF6ADDB00B34637 /* ViewController.swift */ = {isa = PBXFileReference; lastKnownFileType = sourcecode.swift; path = ViewController.swift; sourceTree = "<group>"; };
		05E2D0851AF6ADDB00B34637 /* Base */ = {isa = PBXFileReference; lastKnownFileType = file.storyboard; name = Base; path = Base.lproj/Main.storyboard; sourceTree = "<group>"; };
		05E2D0871AF6ADDB00B34637 /* Images.xcassets */ = {isa = PBXFileReference; lastKnownFileType = folder.assetcatalog; path = Images.xcassets; sourceTree = "<group>"; };
		05E2D08A1AF6ADDB00B34637 /* Base */ = {isa = PBXFileReference; lastKnownFileType = file.xib; name = Base; path = Base.lproj/LaunchScreen.xib; sourceTree = "<group>"; };
		05E2D0B21AF6B24E00B34637 /* SetUpdatePeriodViewController.swift */ = {isa = PBXFileReference; fileEncoding = 4; lastKnownFileType = sourcecode.swift; path = SetUpdatePeriodViewController.swift; sourceTree = "<group>"; };
		05E2D0B31AF6B24E00B34637 /* UIAlertControllerExtensions.swift */ = {isa = PBXFileReference; fileEncoding = 4; lastKnownFileType = sourcecode.swift; path = UIAlertControllerExtensions.swift; sourceTree = "<group>"; };
/* End PBXFileReference section */

/* Begin PBXFrameworksBuildPhase section */
		05E2D0781AF6ADDB00B34637 /* Frameworks */ = {
			isa = PBXFrameworksBuildPhase;
			buildActionMask = 2147483647;
			files = (
				05EF16281DDF8B91009FAE90 /* BlueCapKit.framework in Frameworks */,
			);
			runOnlyForDeploymentPostprocessing = 0;
		};
/* End PBXFrameworksBuildPhase section */

/* Begin PBXGroup section */
		05E2D0721AF6ADDB00B34637 = {
			isa = PBXGroup;
			children = (
				05585BE61D0CA570000F5307 /* BlueCapKit.framework */,
				05E2D07D1AF6ADDB00B34637 /* CentralManagerWithProfile */,
				05E2D07C1AF6ADDB00B34637 /* Products */,
			);
			sourceTree = "<group>";
		};
		05E2D07C1AF6ADDB00B34637 /* Products */ = {
			isa = PBXGroup;
			children = (
				05E2D07B1AF6ADDB00B34637 /* CentralManagerWithProfile.app */,
			);
			name = Products;
			sourceTree = "<group>";
		};
		05E2D07D1AF6ADDB00B34637 /* CentralManagerWithProfile */ = {
			isa = PBXGroup;
			children = (
				05E2D0801AF6ADDB00B34637 /* AppDelegate.swift */,
				05E2D0B21AF6B24E00B34637 /* SetUpdatePeriodViewController.swift */,
				05E2D0B31AF6B24E00B34637 /* UIAlertControllerExtensions.swift */,
				05E2D0821AF6ADDB00B34637 /* ViewController.swift */,
				05E2D0871AF6ADDB00B34637 /* Images.xcassets */,
				05E2D0891AF6ADDB00B34637 /* LaunchScreen.xib */,
				05E2D0841AF6ADDB00B34637 /* Main.storyboard */,
				05E2D07E1AF6ADDB00B34637 /* Supporting Files */,
			);
			path = CentralManagerWithProfile;
			sourceTree = "<group>";
		};
		05E2D07E1AF6ADDB00B34637 /* Supporting Files */ = {
			isa = PBXGroup;
			children = (
				05E2D07F1AF6ADDB00B34637 /* Info.plist */,
			);
			name = "Supporting Files";
			sourceTree = "<group>";
		};
/* End PBXGroup section */

/* Begin PBXNativeTarget section */
		05E2D07A1AF6ADDB00B34637 /* CentralManagerWithProfile */ = {
			isa = PBXNativeTarget;
			buildConfigurationList = 05E2D09A1AF6ADDC00B34637 /* Build configuration list for PBXNativeTarget "CentralManagerWithProfile" */;
			buildPhases = (
				05E2D0771AF6ADDB00B34637 /* Sources */,
				05E2D0781AF6ADDB00B34637 /* Frameworks */,
				05E2D0791AF6ADDB00B34637 /* Resources */,
				05E2D0AF1AF6B1F100B34637 /* Embed Frameworks */,
				05BF91FF1CFCAA9000B78B12 /* ShellScript */,
			);
			buildRules = (
			);
			dependencies = (
			);
			name = CentralManagerWithProfile;
			productName = CentralWithProfile;
			productReference = 05E2D07B1AF6ADDB00B34637 /* CentralManagerWithProfile.app */;
			productType = "com.apple.product-type.application";
		};
/* End PBXNativeTarget section */

/* Begin PBXProject section */
		05E2D0731AF6ADDB00B34637 /* Project object */ = {
			isa = PBXProject;
			attributes = {
				LastSwiftUpdateCheck = 0700;
				LastUpgradeCheck = 0900;
				ORGANIZATIONNAME = "Troy Stribling";
				TargetAttributes = {
					05E2D07A1AF6ADDB00B34637 = {
						CreatedOnToolsVersion = 6.3.1;
						DevelopmentTeam = HZEX459C37;
						LastSwiftMigration = 0810;
					};
				};
			};
			buildConfigurationList = 05E2D0761AF6ADDB00B34637 /* Build configuration list for PBXProject "CentralManagerWithProfile" */;
			compatibilityVersion = "Xcode 3.2";
			developmentRegion = English;
			hasScannedForEncodings = 0;
			knownRegions = (
				en,
				Base,
			);
			mainGroup = 05E2D0721AF6ADDB00B34637;
			productRefGroup = 05E2D07C1AF6ADDB00B34637 /* Products */;
			projectDirPath = "";
			projectRoot = "";
			targets = (
				05E2D07A1AF6ADDB00B34637 /* CentralManagerWithProfile */,
			);
		};
/* End PBXProject section */

/* Begin PBXResourcesBuildPhase section */
		05E2D0791AF6ADDB00B34637 /* Resources */ = {
			isa = PBXResourcesBuildPhase;
			buildActionMask = 2147483647;
			files = (
				05E2D0861AF6ADDB00B34637 /* Main.storyboard in Resources */,
				05E2D08B1AF6ADDB00B34637 /* LaunchScreen.xib in Resources */,
				05E2D0881AF6ADDB00B34637 /* Images.xcassets in Resources */,
			);
			runOnlyForDeploymentPostprocessing = 0;
		};
/* End PBXResourcesBuildPhase section */

/* Begin PBXShellScriptBuildPhase section */
		05BF91FF1CFCAA9000B78B12 /* ShellScript */ = {
			isa = PBXShellScriptBuildPhase;
			buildActionMask = 2147483647;
			files = (
			);
			inputPaths = (
				"$(SRCROOT)/Carthage/Build/iOS/BlueCapKit.framework",
			);
			outputPaths = (
			);
			runOnlyForDeploymentPostprocessing = 0;
			shellPath = /bin/sh;
			shellScript = "/usr/local/bin/carthage copy-frameworks";
		};
/* End PBXShellScriptBuildPhase section */

/* Begin PBXSourcesBuildPhase section */
		05E2D0771AF6ADDB00B34637 /* Sources */ = {
			isa = PBXSourcesBuildPhase;
			buildActionMask = 2147483647;
			files = (
				05E2D0831AF6ADDB00B34637 /* ViewController.swift in Sources */,
				05E2D0811AF6ADDB00B34637 /* AppDelegate.swift in Sources */,
				05E2D0B51AF6B24E00B34637 /* UIAlertControllerExtensions.swift in Sources */,
				05E2D0B41AF6B24E00B34637 /* SetUpdatePeriodViewController.swift in Sources */,
			);
			runOnlyForDeploymentPostprocessing = 0;
		};
/* End PBXSourcesBuildPhase section */

/* Begin PBXVariantGroup section */
		05E2D0841AF6ADDB00B34637 /* Main.storyboard */ = {
			isa = PBXVariantGroup;
			children = (
				05E2D0851AF6ADDB00B34637 /* Base */,
			);
			name = Main.storyboard;
			sourceTree = "<group>";
		};
		05E2D0891AF6ADDB00B34637 /* LaunchScreen.xib */ = {
			isa = PBXVariantGroup;
			children = (
				05E2D08A1AF6ADDB00B34637 /* Base */,
			);
			name = LaunchScreen.xib;
			sourceTree = "<group>";
		};
/* End PBXVariantGroup section */

/* Begin XCBuildConfiguration section */
		05E2D0981AF6ADDC00B34637 /* Debug */ = {
			isa = XCBuildConfiguration;
			buildSettings = {
				ALWAYS_SEARCH_USER_PATHS = NO;
				CLANG_CXX_LANGUAGE_STANDARD = "gnu++0x";
				CLANG_CXX_LIBRARY = "libc++";
				CLANG_ENABLE_MODULES = YES;
				CLANG_ENABLE_OBJC_ARC = YES;
				CLANG_WARN_BLOCK_CAPTURE_AUTORELEASING = YES;
				CLANG_WARN_BOOL_CONVERSION = YES;
				CLANG_WARN_COMMA = YES;
				CLANG_WARN_CONSTANT_CONVERSION = YES;
				CLANG_WARN_DIRECT_OBJC_ISA_USAGE = YES_ERROR;
				CLANG_WARN_EMPTY_BODY = YES;
				CLANG_WARN_ENUM_CONVERSION = YES;
				CLANG_WARN_INFINITE_RECURSION = YES;
				CLANG_WARN_INT_CONVERSION = YES;
				CLANG_WARN_NON_LITERAL_NULL_CONVERSION = YES;
				CLANG_WARN_OBJC_LITERAL_CONVERSION = YES;
				CLANG_WARN_OBJC_ROOT_CLASS = YES_ERROR;
				CLANG_WARN_RANGE_LOOP_ANALYSIS = YES;
				CLANG_WARN_STRICT_PROTOTYPES = YES;
				CLANG_WARN_SUSPICIOUS_MOVE = YES;
				CLANG_WARN_UNREACHABLE_CODE = YES;
				CLANG_WARN__DUPLICATE_METHOD_MATCH = YES;
				"CODE_SIGN_IDENTITY[sdk=iphoneos*]" = "iPhone Developer";
				COPY_PHASE_STRIP = NO;
				DEBUG_INFORMATION_FORMAT = "dwarf-with-dsym";
				ENABLE_STRICT_OBJC_MSGSEND = YES;
				ENABLE_TESTABILITY = YES;
				GCC_C_LANGUAGE_STANDARD = gnu99;
				GCC_DYNAMIC_NO_PIC = NO;
				GCC_NO_COMMON_BLOCKS = YES;
				GCC_OPTIMIZATION_LEVEL = 0;
				GCC_PREPROCESSOR_DEFINITIONS = (
					"DEBUG=1",
					"$(inherited)",
				);
				GCC_SYMBOLS_PRIVATE_EXTERN = NO;
				GCC_WARN_64_TO_32_BIT_CONVERSION = YES;
				GCC_WARN_ABOUT_RETURN_TYPE = YES_ERROR;
				GCC_WARN_UNDECLARED_SELECTOR = YES;
				GCC_WARN_UNINITIALIZED_AUTOS = YES_AGGRESSIVE;
				GCC_WARN_UNUSED_FUNCTION = YES;
				GCC_WARN_UNUSED_VARIABLE = YES;
				IPHONEOS_DEPLOYMENT_TARGET = 9.0;
				MTL_ENABLE_DEBUG_INFO = YES;
				ONLY_ACTIVE_ARCH = YES;
				SDKROOT = iphoneos;
				SWIFT_OPTIMIZATION_LEVEL = "-Onone";
				SWIFT_VERSION = 3.0.1;
			};
			name = Debug;
		};
		05E2D0991AF6ADDC00B34637 /* Release */ = {
			isa = XCBuildConfiguration;
			buildSettings = {
				ALWAYS_SEARCH_USER_PATHS = NO;
				CLANG_CXX_LANGUAGE_STANDARD = "gnu++0x";
				CLANG_CXX_LIBRARY = "libc++";
				CLANG_ENABLE_MODULES = YES;
				CLANG_ENABLE_OBJC_ARC = YES;
				CLANG_WARN_BLOCK_CAPTURE_AUTORELEASING = YES;
				CLANG_WARN_BOOL_CONVERSION = YES;
				CLANG_WARN_COMMA = YES;
				CLANG_WARN_CONSTANT_CONVERSION = YES;
				CLANG_WARN_DIRECT_OBJC_ISA_USAGE = YES_ERROR;
				CLANG_WARN_EMPTY_BODY = YES;
				CLANG_WARN_ENUM_CONVERSION = YES;
				CLANG_WARN_INFINITE_RECURSION = YES;
				CLANG_WARN_INT_CONVERSION = YES;
				CLANG_WARN_NON_LITERAL_NULL_CONVERSION = YES;
				CLANG_WARN_OBJC_LITERAL_CONVERSION = YES;
				CLANG_WARN_OBJC_ROOT_CLASS = YES_ERROR;
				CLANG_WARN_RANGE_LOOP_ANALYSIS = YES;
				CLANG_WARN_STRICT_PROTOTYPES = YES;
				CLANG_WARN_SUSPICIOUS_MOVE = YES;
				CLANG_WARN_UNREACHABLE_CODE = YES;
				CLANG_WARN__DUPLICATE_METHOD_MATCH = YES;
				"CODE_SIGN_IDENTITY[sdk=iphoneos*]" = "iPhone Developer";
				COPY_PHASE_STRIP = NO;
				DEBUG_INFORMATION_FORMAT = "dwarf-with-dsym";
				ENABLE_NS_ASSERTIONS = NO;
				ENABLE_STRICT_OBJC_MSGSEND = YES;
				GCC_C_LANGUAGE_STANDARD = gnu99;
				GCC_NO_COMMON_BLOCKS = YES;
				GCC_WARN_64_TO_32_BIT_CONVERSION = YES;
				GCC_WARN_ABOUT_RETURN_TYPE = YES_ERROR;
				GCC_WARN_UNDECLARED_SELECTOR = YES;
				GCC_WARN_UNINITIALIZED_AUTOS = YES_AGGRESSIVE;
				GCC_WARN_UNUSED_FUNCTION = YES;
				GCC_WARN_UNUSED_VARIABLE = YES;
				IPHONEOS_DEPLOYMENT_TARGET = 9.0;
				MTL_ENABLE_DEBUG_INFO = NO;
				SDKROOT = iphoneos;
				SWIFT_OPTIMIZATION_LEVEL = "-Owholemodule";
				SWIFT_VERSION = 3.0.1;
				VALIDATE_PRODUCT = YES;
			};
			name = Release;
		};
		05E2D09B1AF6ADDC00B34637 /* Debug */ = {
			isa = XCBuildConfiguration;
			buildSettings = {
				ASSETCATALOG_COMPILER_APPICON_NAME = AppIcon;
				DEVELOPMENT_TEAM = HZEX459C37;
				FRAMEWORK_SEARCH_PATHS = (
					"$(inherited)",
					"$(PROJECT_DIR)/Carthage/Build/iOS",
				);
				INFOPLIST_FILE = CentralManagerWithProfile/Info.plist;
				IPHONEOS_DEPLOYMENT_TARGET = 9.0;
				LD_RUNPATH_SEARCH_PATHS = "$(inherited) @executable_path/Frameworks";
				PRODUCT_BUNDLE_IDENTIFIER = "us.gnos.$(PRODUCT_NAME:rfc1034identifier)";
				PRODUCT_NAME = "$(TARGET_NAME)";
				SWIFT_VERSION = 3.0;
			};
			name = Debug;
		};
		05E2D09C1AF6ADDC00B34637 /* Release */ = {
			isa = XCBuildConfiguration;
			buildSettings = {
				ASSETCATALOG_COMPILER_APPICON_NAME = AppIcon;
				DEVELOPMENT_TEAM = HZEX459C37;
				FRAMEWORK_SEARCH_PATHS = (
					"$(inherited)",
					"$(PROJECT_DIR)/Carthage/Build/iOS",
				);
				INFOPLIST_FILE = CentralManagerWithProfile/Info.plist;
				IPHONEOS_DEPLOYMENT_TARGET = 9.0;
				LD_RUNPATH_SEARCH_PATHS = "$(inherited) @executable_path/Frameworks";
				PRODUCT_BUNDLE_IDENTIFIER = "us.gnos.$(PRODUCT_NAME:rfc1034identifier)";
				PRODUCT_NAME = "$(TARGET_NAME)";
				SWIFT_VERSION = 3.0;
			};
			name = Release;
		};
/* End XCBuildConfiguration section */

/* Begin XCConfigurationList section */
		05E2D0761AF6ADDB00B34637 /* Build configuration list for PBXProject "CentralManagerWithProfile" */ = {
			isa = XCConfigurationList;
			buildConfigurations = (
				05E2D0981AF6ADDC00B34637 /* Debug */,
				05E2D0991AF6ADDC00B34637 /* Release */,
			);
			defaultConfigurationIsVisible = 0;
			defaultConfigurationName = Release;
		};
		05E2D09A1AF6ADDC00B34637 /* Build configuration list for PBXNativeTarget "CentralManagerWithProfile" */ = {
			isa = XCConfigurationList;
			buildConfigurations = (
				05E2D09B1AF6ADDC00B34637 /* Debug */,
				05E2D09C1AF6ADDC00B34637 /* Release */,
			);
			defaultConfigurationIsVisible = 0;
			defaultConfigurationName = Release;
		};
/* End XCConfigurationList section */
	};
	rootObject = 05E2D0731AF6ADDB00B34637 /* Project object */;
}
