<?xml version="1.0" encoding="UTF-8"?>
<!DOCTYPE plist PUBLIC "-//Apple//DTD PLIST 1.0//EN" "http://www.apple.com/DTDs/PropertyList-1.0.dtd">
<plist version="1.0">
<dict>
	<key>archiveVersion</key>
	<string>1</string>
	<key>classes</key>
	<dict/>
	<key>objectVersion</key>
	<string>46</string>
	<key>objects</key>
	<dict>
		<key>050796E519C4C42100A4D547</key>
		<dict>
			<key>children</key>
			<array>
				<string>05B48B5719C9B7DF00800327</string>
				<string>05B48B5519C9B69400800327</string>
				<string>05B48B5119C8527100800327</string>
				<string>0507973419C4D0B100A4D547</string>
				<string>0507973019C4CEEC00A4D547</string>
			</array>
			<key>isa</key>
			<string>PBXGroup</string>
			<key>path</key>
			<string>Beacon</string>
			<key>sourceTree</key>
			<string>&lt;group&gt;</string>
		</dict>
		<key>0507973019C4CEEC00A4D547</key>
		<dict>
			<key>fileEncoding</key>
			<string>4</string>
			<key>isa</key>
			<string>PBXFileReference</string>
			<key>lastKnownFileType</key>
			<string>sourcecode.swift</string>
			<key>lineEnding</key>
			<string>0</string>
			<key>path</key>
			<string>BeaconsViewController.swift</string>
			<key>sourceTree</key>
			<string>&lt;group&gt;</string>
			<key>xcLanguageSpecificationIdentifier</key>
			<string>xcode.lang.swift</string>
		</dict>
		<key>0507973119C4CEEC00A4D547</key>
		<dict>
			<key>fileRef</key>
			<string>0507973019C4CEEC00A4D547</string>
			<key>isa</key>
			<string>PBXBuildFile</string>
		</dict>
		<key>0507973419C4D0B100A4D547</key>
		<dict>
			<key>fileEncoding</key>
			<string>4</string>
			<key>isa</key>
			<string>PBXFileReference</string>
			<key>lastKnownFileType</key>
			<string>sourcecode.swift</string>
			<key>lineEnding</key>
			<string>0</string>
			<key>path</key>
			<string>BeaconRegionViewController.swift</string>
			<key>sourceTree</key>
			<string>&lt;group&gt;</string>
			<key>xcLanguageSpecificationIdentifier</key>
			<string>xcode.lang.swift</string>
		</dict>
		<key>0507973519C4D0B100A4D547</key>
		<dict>
			<key>fileRef</key>
			<string>0507973419C4D0B100A4D547</string>
			<key>isa</key>
			<string>PBXBuildFile</string>
		</dict>
		<key>050BF09F1D985B3500928863</key>
		<dict>
			<key>children</key>
			<array>
				<string>050BF0A01D985B3600928863</string>
				<string>DC8206C9B9327CA0AD1A2D40</string>
			</array>
			<key>isa</key>
			<string>PBXGroup</string>
			<key>name</key>
			<string>Frameworks</string>
			<key>sourceTree</key>
			<string>&lt;group&gt;</string>
		</dict>
		<key>050BF0A01D985B3600928863</key>
		<dict>
			<key>isa</key>
			<string>PBXFileReference</string>
			<key>lastKnownFileType</key>
			<string>wrapper.framework</string>
			<key>name</key>
			<string>UserNotifications.framework</string>
			<key>path</key>
			<string>System/Library/Frameworks/UserNotifications.framework</string>
			<key>sourceTree</key>
			<string>SDKROOT</string>
		</dict>
		<key>050BF0A11D985B3600928863</key>
		<dict>
			<key>fileRef</key>
			<string>050BF0A01D985B3600928863</string>
			<key>isa</key>
			<string>PBXBuildFile</string>
		</dict>
		<key>05277C9B1944CAE50022FB59</key>
		<dict>
			<key>children</key>
			<array>
				<string>052A1EB81C74D13C00FBB45B</string>
				<string>05B6F0771957ACF300D798CB</string>
				<string>054C7CA01BD41E5F00A143B4</string>
				<string>054C7C9E1BD4144A00A143B4</string>
				<string>054C7C9C1BD40F0300A143B4</string>
				<string>054C7CA21BD41EA700A143B4</string>
				<string>05E68706195301B1009B38DA</string>
				<string>054D47B8194E69C500C6B7D0</string>
				<string>05B1AEBB197C28DE00371E73</string>
				<string>05B1AEB9197C285700371E73</string>
				<string>05B6F07A19587AB700D798CB</string>
				<string>057E6ABA1968BA28009938F4</string>
				<string>05B6F07E19591AE300D798CB</string>
				<string>05B6F0751957715800D798CB</string>
				<string>05277C9D1944CAE50022FB59</string>
				<string>05E68700194FF5A2009B38DA</string>
			</array>
			<key>isa</key>
			<string>PBXGroup</string>
			<key>path</key>
			<string>Central</string>
			<key>sourceTree</key>
			<string>&lt;group&gt;</string>
		</dict>
		<key>05277C9D1944CAE50022FB59</key>
		<dict>
			<key>fileEncoding</key>
			<string>4</string>
			<key>isa</key>
			<string>PBXFileReference</string>
			<key>lastKnownFileType</key>
			<string>sourcecode.swift</string>
			<key>lineEnding</key>
			<string>0</string>
			<key>path</key>
			<string>PeripheralsViewController.swift</string>
			<key>sourceTree</key>
			<string>&lt;group&gt;</string>
			<key>xcLanguageSpecificationIdentifier</key>
			<string>xcode.lang.swift</string>
		</dict>
		<key>05277CA01944CAE50022FB59</key>
		<dict>
			<key>fileRef</key>
			<string>05277C9D1944CAE50022FB59</string>
			<key>isa</key>
			<string>PBXBuildFile</string>
		</dict>
		<key>052A1EB81C74D13C00FBB45B</key>
		<dict>
			<key>fileEncoding</key>
			<string>4</string>
			<key>isa</key>
			<string>PBXFileReference</string>
			<key>lastKnownFileType</key>
			<string>sourcecode.swift</string>
			<key>path</key>
			<string>CharacteristicValueCell.swift</string>
			<key>sourceTree</key>
			<string>&lt;group&gt;</string>
		</dict>
		<key>052A1EB91C74D13C00FBB45B</key>
		<dict>
			<key>fileRef</key>
			<string>052A1EB81C74D13C00FBB45B</string>
			<key>isa</key>
			<string>PBXBuildFile</string>
		</dict>
		<key>052A1EBA1C77707A00FBB45B</key>
		<dict>
			<key>fileEncoding</key>
			<string>4</string>
			<key>isa</key>
			<string>PBXFileReference</string>
			<key>lastKnownFileType</key>
			<string>sourcecode.swift</string>
			<key>path</key>
			<string>ConfigurePeripheralSortOrderViewController.swift</string>
			<key>sourceTree</key>
			<string>&lt;group&gt;</string>
		</dict>
		<key>052A1EBB1C77707A00FBB45B</key>
		<dict>
			<key>fileRef</key>
			<string>052A1EBA1C77707A00FBB45B</string>
			<key>isa</key>
			<string>PBXBuildFile</string>
		</dict>
		<key>052A1EBC1C78CEB200FBB45B</key>
		<dict>
			<key>fileEncoding</key>
			<string>4</string>
			<key>isa</key>
			<string>PBXFileReference</string>
			<key>lastKnownFileType</key>
			<string>sourcecode.swift</string>
			<key>path</key>
			<string>ConfigureMaximumPeripheralsConnected.swift</string>
			<key>sourceTree</key>
			<string>&lt;group&gt;</string>
		</dict>
		<key>052A1EBD1C78CEB200FBB45B</key>
		<dict>
			<key>fileRef</key>
			<string>052A1EBC1C78CEB200FBB45B</string>
			<key>isa</key>
			<string>PBXBuildFile</string>
		</dict>
		<key>052A1EBE1C78CEDA00FBB45B</key>
		<dict>
			<key>fileEncoding</key>
			<string>4</string>
			<key>isa</key>
			<string>PBXFileReference</string>
			<key>lastKnownFileType</key>
			<string>sourcecode.swift</string>
			<key>path</key>
			<string>ConfigureMaximumPeripheralsDiscovered.swift</string>
			<key>sourceTree</key>
			<string>&lt;group&gt;</string>
		</dict>
		<key>052A1EBF1C78CEDA00FBB45B</key>
		<dict>
			<key>fileRef</key>
			<string>052A1EBE1C78CEDA00FBB45B</string>
			<key>isa</key>
			<string>PBXBuildFile</string>
		</dict>
		<key>052A1ECB1C8CCDD300FBB45B</key>
		<dict>
			<key>fileEncoding</key>
			<string>4</string>
			<key>isa</key>
			<string>PBXFileReference</string>
			<key>lastKnownFileType</key>
			<string>sourcecode.swift</string>
			<key>path</key>
			<string>ConfigurePeripheralMaximumDisconnectionsViewController.swift</string>
			<key>sourceTree</key>
			<string>&lt;group&gt;</string>
		</dict>
		<key>052A1ECC1C8CCDD300FBB45B</key>
		<dict>
			<key>fileRef</key>
			<string>052A1ECB1C8CCDD300FBB45B</string>
			<key>isa</key>
			<string>PBXBuildFile</string>
		</dict>
		<key>0530B62819D8F78000F366B6</key>
		<dict>
			<key>fileEncoding</key>
			<string>4</string>
			<key>isa</key>
			<string>PBXFileReference</string>
			<key>lastKnownFileType</key>
			<string>sourcecode.swift</string>
			<key>lineEnding</key>
			<string>0</string>
			<key>path</key>
			<string>PeripheralManagerBeaconsViewController.swift</string>
			<key>sourceTree</key>
			<string>&lt;group&gt;</string>
			<key>xcLanguageSpecificationIdentifier</key>
			<string>xcode.lang.swift</string>
		</dict>
		<key>0530B62919D8F78000F366B6</key>
		<dict>
			<key>fileRef</key>
			<string>0530B62819D8F78000F366B6</string>
			<key>isa</key>
			<string>PBXBuildFile</string>
		</dict>
		<key>0530B62A19D8F7F800F366B6</key>
		<dict>
			<key>fileEncoding</key>
			<string>4</string>
			<key>isa</key>
			<string>PBXFileReference</string>
			<key>lastKnownFileType</key>
			<string>sourcecode.swift</string>
			<key>lineEnding</key>
			<string>0</string>
			<key>path</key>
			<string>PeripheralManagerBeaconViewController.swift</string>
			<key>sourceTree</key>
			<string>&lt;group&gt;</string>
			<key>xcLanguageSpecificationIdentifier</key>
			<string>xcode.lang.swift</string>
		</dict>
		<key>0530B62B19D8F7F800F366B6</key>
		<dict>
			<key>fileRef</key>
			<string>0530B62A19D8F7F800F366B6</string>
			<key>isa</key>
			<string>PBXBuildFile</string>
		</dict>
		<key>053B0CC119BF2717006C7D1F</key>
		<dict>
			<key>fileEncoding</key>
			<string>4</string>
			<key>isa</key>
			<string>PBXFileReference</string>
			<key>lastKnownFileType</key>
			<string>sourcecode.swift</string>
			<key>path</key>
			<string>ConfigureScanTimeoutViewController.swift</string>
			<key>sourceTree</key>
			<string>&lt;group&gt;</string>
		</dict>
		<key>053B0CC219BF2717006C7D1F</key>
		<dict>
			<key>fileRef</key>
			<string>053B0CC119BF2717006C7D1F</string>
			<key>isa</key>
			<string>PBXBuildFile</string>
		</dict>
		<key>0543FEBD1B42E22D00363415</key>
		<dict>
			<key>fileEncoding</key>
			<string>4</string>
			<key>isa</key>
			<string>PBXFileReference</string>
			<key>lastKnownFileType</key>
			<string>file.xib</string>
			<key>path</key>
			<string>LaunchScreen.xib</string>
			<key>sourceTree</key>
			<string>&lt;group&gt;</string>
		</dict>
		<key>0543FEBE1B42E22D00363415</key>
		<dict>
			<key>fileRef</key>
			<string>0543FEBD1B42E22D00363415</string>
			<key>isa</key>
			<string>PBXBuildFile</string>
		</dict>
		<key>054C7C9C1BD40F0300A143B4</key>
		<dict>
			<key>fileEncoding</key>
			<string>4</string>
			<key>isa</key>
			<string>PBXFileReference</string>
			<key>lastKnownFileType</key>
			<string>sourcecode.swift</string>
			<key>lineEnding</key>
			<string>0</string>
			<key>path</key>
			<string>PeripheralAdvertisementsServicesViewController.swift</string>
			<key>sourceTree</key>
			<string>&lt;group&gt;</string>
			<key>xcLanguageSpecificationIdentifier</key>
			<string>xcode.lang.swift</string>
		</dict>
		<key>054C7C9D1BD40F0300A143B4</key>
		<dict>
			<key>fileRef</key>
			<string>054C7C9C1BD40F0300A143B4</string>
			<key>isa</key>
			<string>PBXBuildFile</string>
		</dict>
		<key>054C7C9E1BD4144A00A143B4</key>
		<dict>
			<key>fileEncoding</key>
			<string>4</string>
			<key>isa</key>
			<string>PBXFileReference</string>
			<key>lastKnownFileType</key>
			<string>sourcecode.swift</string>
			<key>lineEnding</key>
			<string>0</string>
			<key>path</key>
			<string>PeripheralAdvertisementsServiceDataViewController.swift</string>
			<key>sourceTree</key>
			<string>&lt;group&gt;</string>
			<key>xcLanguageSpecificationIdentifier</key>
			<string>xcode.lang.swift</string>
		</dict>
		<key>054C7C9F1BD4144A00A143B4</key>
		<dict>
			<key>fileRef</key>
			<string>054C7C9E1BD4144A00A143B4</string>
			<key>isa</key>
			<string>PBXBuildFile</string>
		</dict>
		<key>054C7CA01BD41E5F00A143B4</key>
		<dict>
			<key>fileEncoding</key>
			<string>4</string>
			<key>isa</key>
			<string>PBXFileReference</string>
			<key>lastKnownFileType</key>
			<string>sourcecode.swift</string>
			<key>lineEnding</key>
			<string>0</string>
			<key>path</key>
			<string>PeripheralAdvertisementsOverflowServicesViewController.swift</string>
			<key>sourceTree</key>
			<string>&lt;group&gt;</string>
			<key>xcLanguageSpecificationIdentifier</key>
			<string>xcode.lang.swift</string>
		</dict>
		<key>054C7CA11BD41E5F00A143B4</key>
		<dict>
			<key>fileRef</key>
			<string>054C7CA01BD41E5F00A143B4</string>
			<key>isa</key>
			<string>PBXBuildFile</string>
		</dict>
		<key>054C7CA21BD41EA700A143B4</key>
		<dict>
			<key>fileEncoding</key>
			<string>4</string>
			<key>isa</key>
			<string>PBXFileReference</string>
			<key>lastKnownFileType</key>
			<string>sourcecode.swift</string>
			<key>lineEnding</key>
			<string>0</string>
			<key>path</key>
			<string>PeripheralAdvertisementsSolicitedServicesViewController.swift</string>
			<key>sourceTree</key>
			<string>&lt;group&gt;</string>
			<key>xcLanguageSpecificationIdentifier</key>
			<string>xcode.lang.swift</string>
		</dict>
		<key>054C7CA31BD41EA700A143B4</key>
		<dict>
			<key>fileRef</key>
			<string>054C7CA21BD41EA700A143B4</string>
			<key>isa</key>
			<string>PBXBuildFile</string>
		</dict>
		<key>054D47B8194E69C500C6B7D0</key>
		<dict>
			<key>fileEncoding</key>
			<string>4</string>
			<key>isa</key>
			<string>PBXFileReference</string>
			<key>lastKnownFileType</key>
			<string>sourcecode.swift</string>
			<key>path</key>
			<string>PeripheralCell.swift</string>
			<key>sourceTree</key>
			<string>&lt;group&gt;</string>
		</dict>
		<key>054D47B9194E69C500C6B7D0</key>
		<dict>
			<key>fileRef</key>
			<string>054D47B8194E69C500C6B7D0</string>
			<key>isa</key>
			<string>PBXBuildFile</string>
		</dict>
		<key>056B7C7419DE4E52001B7F95</key>
		<dict>
			<key>fileEncoding</key>
			<string>4</string>
			<key>isa</key>
			<string>PBXFileReference</string>
			<key>lastKnownFileType</key>
			<string>file.storyboard</string>
			<key>path</key>
			<string>Main.storyboard</string>
			<key>sourceTree</key>
			<string>&lt;group&gt;</string>
		</dict>
		<key>056B7C7519DE4E52001B7F95</key>
		<dict>
			<key>fileRef</key>
			<string>056B7C7419DE4E52001B7F95</string>
			<key>isa</key>
			<string>PBXBuildFile</string>
		</dict>
		<key>056B7C7619DE5E18001B7F95</key>
		<dict>
			<key>fileEncoding</key>
			<string>4</string>
			<key>isa</key>
			<string>PBXFileReference</string>
			<key>lastKnownFileType</key>
			<string>sourcecode.swift</string>
			<key>lineEnding</key>
			<string>0</string>
			<key>path</key>
			<string>PeripheralManagerAddAdvertisedServiceViewController.swift</string>
			<key>sourceTree</key>
			<string>&lt;group&gt;</string>
			<key>xcLanguageSpecificationIdentifier</key>
			<string>xcode.lang.swift</string>
		</dict>
		<key>056B7C7719DE5E18001B7F95</key>
		<dict>
			<key>fileRef</key>
			<string>056B7C7619DE5E18001B7F95</string>
			<key>isa</key>
			<string>PBXBuildFile</string>
		</dict>
		<key>056B7C7919E062A9001B7F95</key>
		<dict>
			<key>fileEncoding</key>
			<string>4</string>
			<key>isa</key>
			<string>PBXFileReference</string>
			<key>lastKnownFileType</key>
			<string>sourcecode.swift</string>
			<key>path</key>
			<string>PeripheralManagerBeaconCell.swift</string>
			<key>sourceTree</key>
			<string>&lt;group&gt;</string>
		</dict>
		<key>056B7C7A19E062A9001B7F95</key>
		<dict>
			<key>fileRef</key>
			<string>056B7C7919E062A9001B7F95</string>
			<key>isa</key>
			<string>PBXBuildFile</string>
		</dict>
		<key>056E3B221D29843C002316FC</key>
		<dict>
			<key>fileEncoding</key>
			<string>4</string>
			<key>isa</key>
			<string>PBXFileReference</string>
			<key>lastKnownFileType</key>
			<string>text.plist.xml</string>
			<key>path</key>
			<string>DefaultConfiguration.plist</string>
			<key>sourceTree</key>
			<string>&lt;group&gt;</string>
		</dict>
		<key>056E3B231D29843C002316FC</key>
		<dict>
			<key>fileRef</key>
			<string>056E3B221D29843C002316FC</string>
			<key>isa</key>
			<string>PBXBuildFile</string>
		</dict>
		<key>05764D7D1969D01900E6C801</key>
		<dict>
			<key>children</key>
			<array>
				<string>05B48B5319C85B6900800327</string>
				<string>05D9D50919B0D7B0001DBEBC</string>
				<string>05FAFC3419D30247003725B0</string>
				<string>05B45BFF19A78C6B009DAF6D</string>
				<string>05B45C0019A78C6B009DAF6D</string>
				<string>05B45C0119A78C6B009DAF6D</string>
				<string>059F670719D7350000F53D56</string>
			</array>
			<key>isa</key>
			<string>PBXGroup</string>
			<key>path</key>
			<string>Utils</string>
			<key>sourceTree</key>
			<string>&lt;group&gt;</string>
		</dict>
		<key>057E6ABA1968BA28009938F4</key>
		<dict>
			<key>fileEncoding</key>
			<string>4</string>
			<key>isa</key>
			<string>PBXFileReference</string>
			<key>lastKnownFileType</key>
			<string>sourcecode.swift</string>
			<key>lineEnding</key>
			<string>0</string>
			<key>path</key>
			<string>PeripheralServiceCharacteristicValuesViewController.swift</string>
			<key>sourceTree</key>
			<string>&lt;group&gt;</string>
			<key>xcLanguageSpecificationIdentifier</key>
			<string>xcode.lang.swift</string>
		</dict>
		<key>057E6ABB1968BA28009938F4</key>
		<dict>
			<key>fileRef</key>
			<string>057E6ABA1968BA28009938F4</string>
			<key>isa</key>
			<string>PBXBuildFile</string>
		</dict>
		<key>05840F56194206F100C744E6</key>
		<dict>
			<key>children</key>
			<array>
				<string>05840F61194206F100C744E6</string>
				<string>05840F60194206F100C744E6</string>
				<string>050BF09F1D985B3500928863</string>
				<string>6A2DF9710577BAB5AB17D2EE</string>
			</array>
			<key>isa</key>
			<string>PBXGroup</string>
			<key>sourceTree</key>
			<string>&lt;group&gt;</string>
		</dict>
		<key>05840F57194206F100C744E6</key>
		<dict>
			<key>attributes</key>
			<dict>
				<key>LastSwiftUpdateCheck</key>
				<string>0700</string>
				<key>LastUpgradeCheck</key>
				<string>0800</string>
				<key>ORGANIZATIONNAME</key>
				<string>Troy Stribling</string>
				<key>TargetAttributes</key>
				<dict>
					<key>05840F5E194206F100C744E6</key>
					<dict>
						<key>CreatedOnToolsVersion</key>
						<string>6.0</string>
						<key>DevelopmentTeam</key>
						<string>HZEX459C37</string>
						<key>LastSwiftMigration</key>
						<string>0800</string>
					</dict>
				</dict>
			</dict>
			<key>buildConfigurationList</key>
			<string>05840F5A194206F100C744E6</string>
			<key>compatibilityVersion</key>
			<string>Xcode 3.2</string>
			<key>developmentRegion</key>
			<string>English</string>
			<key>hasScannedForEncodings</key>
			<string>0</string>
			<key>isa</key>
			<string>PBXProject</string>
			<key>knownRegions</key>
			<array>
				<string>en</string>
				<string>Base</string>
			</array>
			<key>mainGroup</key>
			<string>05840F56194206F100C744E6</string>
			<key>productRefGroup</key>
			<string>05840F60194206F100C744E6</string>
			<key>projectDirPath</key>
			<string></string>
			<key>projectReferences</key>
			<array/>
			<key>projectRoot</key>
			<string></string>
			<key>targets</key>
			<array>
				<string>05840F5E194206F100C744E6</string>
			</array>
		</dict>
		<key>05840F5A194206F100C744E6</key>
		<dict>
			<key>buildConfigurations</key>
			<array>
				<string>05840F7B194206F100C744E6</string>
				<string>05840F7C194206F100C744E6</string>
			</array>
			<key>defaultConfigurationIsVisible</key>
			<string>0</string>
			<key>defaultConfigurationName</key>
			<string>Release</string>
			<key>isa</key>
			<string>XCConfigurationList</string>
		</dict>
		<key>05840F5B194206F100C744E6</key>
		<dict>
			<key>buildActionMask</key>
			<string>2147483647</string>
			<key>files</key>
			<array>
				<string>05B45BF419A78BA2009DAF6D</string>
				<string>052A1EBD1C78CEB200FBB45B</string>
				<string>056B7C7A19E062A9001B7F95</string>
				<string>05B8831119DE4A7D00F34FF0</string>
				<string>05B6F07F19591AE300D798CB</string>
				<string>054C7C9D1BD40F0300A143B4</string>
				<string>054D47B9194E69C500C6B7D0</string>
				<string>0530B62919D8F78000F366B6</string>
				<string>056B7C7719DE5E18001B7F95</string>
				<string>05B45BF719A78BA2009DAF6D</string>
				<string>05D9D50E19B0DA4C001DBEBC</string>
				<string>05D9D50A19B0D7B0001DBEBC</string>
				<string>059F670A19D747EA00F53D56</string>
				<string>05B45BF519A78BA2009DAF6D</string>
				<string>0507973119C4CEEC00A4D547</string>
				<string>05B1AEBA197C285700371E73</string>
				<string>05CA6C1219FA6AD000088A39</string>
				<string>05B45BF619A78BA2009DAF6D</string>
				<string>05B6F0761957715800D798CB</string>
				<string>05B45C0219A78C6B009DAF6D</string>
				<string>05B45BF819A78BA2009DAF6D</string>
				<string>0507973519C4D0B100A4D547</string>
				<string>05B48B5419C85B6900800327</string>
				<string>05E68707195301B1009B38DA</string>
				<string>05277CA01944CAE50022FB59</string>
				<string>05B45BF319A78BA2009DAF6D</string>
				<string>05B1AEBC197C28DE00371E73</string>
				<string>053B0CC219BF2717006C7D1F</string>
				<string>05D9D51419B0E36B001DBEBC</string>
				<string>054C7CA31BD41EA700A143B4</string>
				<string>05F2A8DA199271FA00004260</string>
				<string>05B48B5219C8527100800327</string>
				<string>05B45BFB19A78BA2009DAF6D</string>
				<string>05B45BFE19A78C53009DAF6D</string>
				<string>054C7CA11BD41E5F00A143B4</string>
				<string>05B45BF919A78BA2009DAF6D</string>
				<string>05CA6C1519FA6C2C00088A39</string>
				<string>057E6ABB1968BA28009938F4</string>
				<string>05B45BF219A78BA2009DAF6D</string>
				<string>05B45C0419A78C6B009DAF6D</string>
				<string>05FAFC3519D30247003725B0</string>
				<string>05D9D51619B0E464001DBEBC</string>
				<string>05B6F07B19587AB700D798CB</string>
				<string>052A1ECC1C8CCDD300FBB45B</string>
				<string>052A1EBB1C77707A00FBB45B</string>
				<string>05883B2D19F7E21100CE8435</string>
				<string>05F2A8DB199271FA00004260</string>
				<string>05E68701194FF5A2009B38DA</string>
				<string>05B48B5819C9B7DF00800327</string>
				<string>05F2A8DD199271FA00004260</string>
				<string>05F2A8DC199271FA00004260</string>
				<string>059F670819D7350000F53D56</string>
				<string>05840F65194206F100C744E6</string>
				<string>05B6F0781957ACF300D798CB</string>
				<string>052A1EBF1C78CEDA00FBB45B</string>
				<string>05B48B5619C9B69400800327</string>
				<string>054C7C9F1BD4144A00A143B4</string>
				<string>05B45BFA19A78BA2009DAF6D</string>
				<string>052A1EB91C74D13C00FBB45B</string>
				<string>0530B62B19D8F7F800F366B6</string>
				<string>05B45C0319A78C6B009DAF6D</string>
			</array>
			<key>isa</key>
			<string>PBXSourcesBuildPhase</string>
			<key>runOnlyForDeploymentPostprocessing</key>
			<string>0</string>
		</dict>
		<key>05840F5C194206F100C744E6</key>
		<dict>
			<key>buildActionMask</key>
			<string>2147483647</string>
			<key>files</key>
			<array>
				<string>050BF0A11D985B3600928863</string>
				<string>2FF42D8F98FA1AFBF166E221</string>
			</array>
			<key>isa</key>
			<string>PBXFrameworksBuildPhase</string>
			<key>runOnlyForDeploymentPostprocessing</key>
			<string>0</string>
		</dict>
		<key>05840F5D194206F100C744E6</key>
		<dict>
			<key>buildActionMask</key>
			<string>2147483647</string>
			<key>files</key>
			<array>
				<string>05840F6E194206F100C744E6</string>
				<string>056E3B231D29843C002316FC</string>
				<string>0543FEBE1B42E22D00363415</string>
				<string>056B7C7519DE4E52001B7F95</string>
			</array>
			<key>isa</key>
			<string>PBXResourcesBuildPhase</string>
			<key>runOnlyForDeploymentPostprocessing</key>
			<string>0</string>
		</dict>
		<key>05840F5E194206F100C744E6</key>
		<dict>
			<key>buildConfigurationList</key>
			<string>05840F7D194206F100C744E6</string>
			<key>buildPhases</key>
			<array>
				<string>9A1CBB028E7BECCB537A30AD</string>
				<string>05840F5B194206F100C744E6</string>
				<string>05840F5C194206F100C744E6</string>
				<string>05840F5D194206F100C744E6</string>
				<string>05840FAC19420B0000C744E6</string>
				<string>C77F03EF9F3DA2F09E03A566</string>
				<string>815C16D4BD28DD39AF8E6024</string>
			</array>
			<key>buildRules</key>
			<array/>
			<key>dependencies</key>
			<array/>
			<key>isa</key>
			<string>PBXNativeTarget</string>
			<key>name</key>
			<string>BlueCap</string>
			<key>productName</key>
			<string>BlueCap</string>
			<key>productReference</key>
			<string>05840F5F194206F100C744E6</string>
			<key>productType</key>
			<string>com.apple.product-type.application</string>
		</dict>
		<key>05840F5F194206F100C744E6</key>
		<dict>
			<key>explicitFileType</key>
			<string>wrapper.application</string>
			<key>includeInIndex</key>
			<string>0</string>
			<key>isa</key>
			<string>PBXFileReference</string>
			<key>path</key>
			<string>BlueCap.app</string>
			<key>sourceTree</key>
			<string>BUILT_PRODUCTS_DIR</string>
		</dict>
		<key>05840F60194206F100C744E6</key>
		<dict>
			<key>children</key>
			<array>
				<string>05840F5F194206F100C744E6</string>
			</array>
			<key>isa</key>
			<string>PBXGroup</string>
			<key>name</key>
			<string>Products</string>
			<key>sourceTree</key>
			<string>&lt;group&gt;</string>
		</dict>
		<key>05840F61194206F100C744E6</key>
		<dict>
			<key>children</key>
			<array>
				<string>056B7C7419DE4E52001B7F95</string>
				<string>05840F64194206F100C744E6</string>
				<string>05840F6D194206F100C744E6</string>
				<string>0543FEBD1B42E22D00363415</string>
				<string>050796E519C4C42100A4D547</string>
				<string>05277C9B1944CAE50022FB59</string>
				<string>05B45BFC19A78BBB009DAF6D</string>
				<string>05E6870219508799009B38DA</string>
				<string>05E68703195087D0009B38DA</string>
				<string>05840F62194206F100C744E6</string>
				<string>05764D7D1969D01900E6C801</string>
			</array>
			<key>isa</key>
			<string>PBXGroup</string>
			<key>path</key>
			<string>BlueCap</string>
			<key>sourceTree</key>
			<string>&lt;group&gt;</string>
		</dict>
		<key>05840F62194206F100C744E6</key>
		<dict>
			<key>children</key>
			<array>
				<string>05840F63194206F100C744E6</string>
				<string>056E3B221D29843C002316FC</string>
			</array>
			<key>isa</key>
			<string>PBXGroup</string>
			<key>name</key>
			<string>Supporting Files</string>
			<key>sourceTree</key>
			<string>&lt;group&gt;</string>
		</dict>
		<key>05840F63194206F100C744E6</key>
		<dict>
			<key>isa</key>
			<string>PBXFileReference</string>
			<key>lastKnownFileType</key>
			<string>text.plist.xml</string>
			<key>path</key>
			<string>Info.plist</string>
			<key>sourceTree</key>
			<string>&lt;group&gt;</string>
		</dict>
		<key>05840F64194206F100C744E6</key>
		<dict>
			<key>isa</key>
			<string>PBXFileReference</string>
			<key>lastKnownFileType</key>
			<string>sourcecode.swift</string>
			<key>path</key>
			<string>AppDelegate.swift</string>
			<key>sourceTree</key>
			<string>&lt;group&gt;</string>
		</dict>
		<key>05840F65194206F100C744E6</key>
		<dict>
			<key>fileRef</key>
			<string>05840F64194206F100C744E6</string>
			<key>isa</key>
			<string>PBXBuildFile</string>
		</dict>
		<key>05840F6D194206F100C744E6</key>
		<dict>
			<key>isa</key>
			<string>PBXFileReference</string>
			<key>lastKnownFileType</key>
			<string>folder.assetcatalog</string>
			<key>path</key>
			<string>Images.xcassets</string>
			<key>sourceTree</key>
			<string>&lt;group&gt;</string>
		</dict>
		<key>05840F6E194206F100C744E6</key>
		<dict>
			<key>fileRef</key>
			<string>05840F6D194206F100C744E6</string>
			<key>isa</key>
			<string>PBXBuildFile</string>
		</dict>
		<key>05840F7B194206F100C744E6</key>
		<dict>
			<key>buildSettings</key>
			<dict>
				<key>ALWAYS_SEARCH_USER_PATHS</key>
				<string>NO</string>
				<key>CLANG_CXX_LANGUAGE_STANDARD</key>
				<string>gnu++0x</string>
				<key>CLANG_CXX_LIBRARY</key>
				<string>libc++</string>
				<key>CLANG_ENABLE_MODULES</key>
				<string>YES</string>
				<key>CLANG_ENABLE_OBJC_ARC</key>
				<string>YES</string>
				<key>CLANG_WARN_BOOL_CONVERSION</key>
				<string>YES</string>
				<key>CLANG_WARN_CONSTANT_CONVERSION</key>
				<string>YES</string>
				<key>CLANG_WARN_DIRECT_OBJC_ISA_USAGE</key>
				<string>YES_ERROR</string>
				<key>CLANG_WARN_EMPTY_BODY</key>
				<string>YES</string>
				<key>CLANG_WARN_ENUM_CONVERSION</key>
				<string>YES</string>
				<key>CLANG_WARN_INFINITE_RECURSION</key>
				<string>YES</string>
				<key>CLANG_WARN_INT_CONVERSION</key>
				<string>YES</string>
				<key>CLANG_WARN_OBJC_ROOT_CLASS</key>
				<string>YES_ERROR</string>
				<key>CLANG_WARN_SUSPICIOUS_MOVE</key>
				<string>YES</string>
				<key>CLANG_WARN_UNREACHABLE_CODE</key>
				<string>YES</string>
				<key>CLANG_WARN__DUPLICATE_METHOD_MATCH</key>
				<string>YES</string>
				<key>CODE_SIGN_IDENTITY</key>
				<string>iPhone Distribution: William Stribling (HZEX459C37)</string>
				<key>CODE_SIGN_IDENTITY[sdk=iphoneos*]</key>
				<string>iPhone Developer</string>
				<key>COPY_PHASE_STRIP</key>
				<string>NO</string>
				<key>ENABLE_STRICT_OBJC_MSGSEND</key>
				<string>YES</string>
				<key>ENABLE_TESTABILITY</key>
				<string>YES</string>
				<key>GCC_C_LANGUAGE_STANDARD</key>
				<string>gnu99</string>
				<key>GCC_DYNAMIC_NO_PIC</key>
				<string>NO</string>
				<key>GCC_NO_COMMON_BLOCKS</key>
				<string>YES</string>
				<key>GCC_OPTIMIZATION_LEVEL</key>
				<string>0</string>
				<key>GCC_PREPROCESSOR_DEFINITIONS</key>
				<string>$(inherited)</string>
				<key>GCC_SYMBOLS_PRIVATE_EXTERN</key>
				<string>NO</string>
				<key>GCC_WARN_64_TO_32_BIT_CONVERSION</key>
				<string>YES</string>
				<key>GCC_WARN_ABOUT_RETURN_TYPE</key>
				<string>YES_ERROR</string>
				<key>GCC_WARN_UNDECLARED_SELECTOR</key>
				<string>YES</string>
				<key>GCC_WARN_UNINITIALIZED_AUTOS</key>
				<string>YES_AGGRESSIVE</string>
				<key>GCC_WARN_UNUSED_FUNCTION</key>
				<string>YES</string>
				<key>GCC_WARN_UNUSED_VARIABLE</key>
				<string>YES</string>
				<key>IPHONEOS_DEPLOYMENT_TARGET</key>
				<string>10.0</string>
				<key>METAL_ENABLE_DEBUG_INFO</key>
				<string>YES</string>
				<key>ONLY_ACTIVE_ARCH</key>
				<string>YES</string>
				<key>OTHER_SWIFT_FLAGS</key>
				<string>-D DEBUG</string>
				<key>SDKROOT</key>
				<string>iphoneos</string>
				<key>SWIFT_OPTIMIZATION_LEVEL</key>
				<string>-Onone</string>
			</dict>
			<key>isa</key>
			<string>XCBuildConfiguration</string>
			<key>name</key>
			<string>Debug</string>
		</dict>
		<key>05840F7C194206F100C744E6</key>
		<dict>
			<key>buildSettings</key>
			<dict>
				<key>ALWAYS_SEARCH_USER_PATHS</key>
				<string>NO</string>
				<key>CLANG_CXX_LANGUAGE_STANDARD</key>
				<string>gnu++0x</string>
				<key>CLANG_CXX_LIBRARY</key>
				<string>libc++</string>
				<key>CLANG_ENABLE_MODULES</key>
				<string>YES</string>
				<key>CLANG_ENABLE_OBJC_ARC</key>
				<string>YES</string>
				<key>CLANG_WARN_BOOL_CONVERSION</key>
				<string>YES</string>
				<key>CLANG_WARN_CONSTANT_CONVERSION</key>
				<string>YES</string>
				<key>CLANG_WARN_DIRECT_OBJC_ISA_USAGE</key>
				<string>YES_ERROR</string>
				<key>CLANG_WARN_EMPTY_BODY</key>
				<string>YES</string>
				<key>CLANG_WARN_ENUM_CONVERSION</key>
				<string>YES</string>
				<key>CLANG_WARN_INFINITE_RECURSION</key>
				<string>YES</string>
				<key>CLANG_WARN_INT_CONVERSION</key>
				<string>YES</string>
				<key>CLANG_WARN_OBJC_ROOT_CLASS</key>
				<string>YES_ERROR</string>
				<key>CLANG_WARN_SUSPICIOUS_MOVE</key>
				<string>YES</string>
				<key>CLANG_WARN_UNREACHABLE_CODE</key>
				<string>YES</string>
				<key>CLANG_WARN__DUPLICATE_METHOD_MATCH</key>
				<string>YES</string>
				<key>CODE_SIGN_IDENTITY</key>
				<string>iPhone Distribution: William Stribling (HZEX459C37)</string>
				<key>CODE_SIGN_IDENTITY[sdk=iphoneos*]</key>
				<string>iPhone Developer</string>
				<key>COPY_PHASE_STRIP</key>
				<string>YES</string>
				<key>ENABLE_NS_ASSERTIONS</key>
				<string>NO</string>
				<key>ENABLE_STRICT_OBJC_MSGSEND</key>
				<string>YES</string>
				<key>GCC_C_LANGUAGE_STANDARD</key>
				<string>gnu99</string>
				<key>GCC_NO_COMMON_BLOCKS</key>
				<string>YES</string>
				<key>GCC_WARN_64_TO_32_BIT_CONVERSION</key>
				<string>YES</string>
				<key>GCC_WARN_ABOUT_RETURN_TYPE</key>
				<string>YES_ERROR</string>
				<key>GCC_WARN_UNDECLARED_SELECTOR</key>
				<string>YES</string>
				<key>GCC_WARN_UNINITIALIZED_AUTOS</key>
				<string>YES_AGGRESSIVE</string>
				<key>GCC_WARN_UNUSED_FUNCTION</key>
				<string>YES</string>
				<key>GCC_WARN_UNUSED_VARIABLE</key>
				<string>YES</string>
				<key>IPHONEOS_DEPLOYMENT_TARGET</key>
				<string>10.0</string>
				<key>METAL_ENABLE_DEBUG_INFO</key>
				<string>NO</string>
				<key>OTHER_SWIFT_FLAGS</key>
				<string></string>
				<key>SDKROOT</key>
				<string>iphoneos</string>
				<key>SWIFT_OPTIMIZATION_LEVEL</key>
				<string>-Owholemodule</string>
				<key>VALIDATE_PRODUCT</key>
				<string>YES</string>
			</dict>
			<key>isa</key>
			<string>XCBuildConfiguration</string>
			<key>name</key>
			<string>Release</string>
		</dict>
		<key>05840F7D194206F100C744E6</key>
		<dict>
			<key>buildConfigurations</key>
			<array>
				<string>05840F7E194206F100C744E6</string>
				<string>05840F7F194206F100C744E6</string>
			</array>
			<key>defaultConfigurationIsVisible</key>
			<string>0</string>
			<key>defaultConfigurationName</key>
			<string>Release</string>
			<key>isa</key>
			<string>XCConfigurationList</string>
		</dict>
		<key>05840F7E194206F100C744E6</key>
		<dict>
			<key>baseConfigurationReference</key>
			<string>B97E53E03F20BF5D8CF51DE9</string>
			<key>buildSettings</key>
			<dict>
				<key>ALWAYS_EMBED_SWIFT_STANDARD_LIBRARIES</key>
				<string>YES</string>
				<key>ASSETCATALOG_COMPILER_APPICON_NAME</key>
				<string>AppIcon</string>
				<key>CLANG_ENABLE_MODULES</key>
				<string>YES</string>
				<key>CODE_SIGN_IDENTITY</key>
				<string>iPhone Developer</string>
				<key>CODE_SIGN_IDENTITY[sdk=iphoneos*]</key>
				<string>iPhone Developer</string>
				<key>GCC_PREPROCESSOR_DEFINITIONS</key>
				<string>$(inherited)</string>
				<key>GCC_PREPROCESSOR_DEFINITIONS[arch=*]</key>
				<string>$(inherited)</string>
				<key>INFOPLIST_FILE</key>
				<string>BlueCap/Info.plist</string>
				<key>LD_RUNPATH_SEARCH_PATHS</key>
				<string>$(inherited) @executable_path/Frameworks</string>
				<key>PRODUCT_BUNDLE_IDENTIFIER</key>
				<string>us.gnos.${PRODUCT_NAME:rfc1034identifier}</string>
				<key>PRODUCT_NAME</key>
				<string>$(TARGET_NAME)</string>
				<key>PROVISIONING_PROFILE</key>
				<string></string>
				<key>SWIFT_OPTIMIZATION_LEVEL</key>
				<string>-Onone</string>
				<key>SWIFT_VERSION</key>
				<string>3.0</string>
				<key>TARGETED_DEVICE_FAMILY</key>
				<string>1,2</string>
			</dict>
			<key>isa</key>
			<string>XCBuildConfiguration</string>
			<key>name</key>
			<string>Debug</string>
		</dict>
		<key>05840F7F194206F100C744E6</key>
		<dict>
			<key>baseConfigurationReference</key>
			<string>6E242C02ED3FA2BF5DCE965F</string>
			<key>buildSettings</key>
			<dict>
				<key>ALWAYS_EMBED_SWIFT_STANDARD_LIBRARIES</key>
				<string>YES</string>
				<key>ASSETCATALOG_COMPILER_APPICON_NAME</key>
				<string>AppIcon</string>
				<key>CLANG_ENABLE_MODULES</key>
				<string>YES</string>
				<key>CODE_SIGN_IDENTITY</key>
				<string>iPhone Developer</string>
				<key>CODE_SIGN_IDENTITY[sdk=iphoneos*]</key>
				<string>iPhone Developer</string>
				<key>COPY_PHASE_STRIP</key>
				<string>NO</string>
				<key>INFOPLIST_FILE</key>
				<string>BlueCap/Info.plist</string>
				<key>LD_RUNPATH_SEARCH_PATHS</key>
				<string>$(inherited) @executable_path/Frameworks</string>
				<key>PRODUCT_BUNDLE_IDENTIFIER</key>
				<string>us.gnos.${PRODUCT_NAME:rfc1034identifier}</string>
				<key>PRODUCT_NAME</key>
				<string>$(TARGET_NAME)</string>
				<key>PROVISIONING_PROFILE</key>
				<string></string>
				<key>SWIFT_VERSION</key>
				<string>3.0</string>
				<key>TARGETED_DEVICE_FAMILY</key>
				<string>1,2</string>
			</dict>
			<key>isa</key>
			<string>XCBuildConfiguration</string>
			<key>name</key>
			<string>Release</string>
		</dict>
		<key>05840FAC19420B0000C744E6</key>
		<dict>
			<key>buildActionMask</key>
			<string>2147483647</string>
			<key>dstPath</key>
			<string></string>
			<key>dstSubfolderSpec</key>
			<string>10</string>
			<key>files</key>
			<array/>
			<key>isa</key>
			<string>PBXCopyFilesBuildPhase</string>
			<key>name</key>
			<string>Embed Frameworks</string>
			<key>runOnlyForDeploymentPostprocessing</key>
			<string>0</string>
		</dict>
		<key>05883B2C19F7E21100CE8435</key>
		<dict>
			<key>fileEncoding</key>
			<string>4</string>
			<key>isa</key>
			<string>PBXFileReference</string>
			<key>lastKnownFileType</key>
			<string>sourcecode.swift</string>
			<key>path</key>
			<string>ConfigurePeripheralMaximumTimeoutsViewController.swift</string>
			<key>sourceTree</key>
			<string>&lt;group&gt;</string>
		</dict>
		<key>05883B2D19F7E21100CE8435</key>
		<dict>
			<key>fileRef</key>
			<string>05883B2C19F7E21100CE8435</string>
			<key>isa</key>
			<string>PBXBuildFile</string>
		</dict>
		<key>059F670719D7350000F53D56</key>
		<dict>
			<key>fileEncoding</key>
			<string>4</string>
			<key>isa</key>
			<string>PBXFileReference</string>
			<key>lastKnownFileType</key>
			<string>sourcecode.swift</string>
			<key>path</key>
			<string>UITableViewControllerExtensions.swift</string>
			<key>sourceTree</key>
			<string>&lt;group&gt;</string>
		</dict>
		<key>059F670819D7350000F53D56</key>
		<dict>
			<key>fileRef</key>
			<string>059F670719D7350000F53D56</string>
			<key>isa</key>
			<string>PBXBuildFile</string>
		</dict>
		<key>059F670919D747EA00F53D56</key>
		<dict>
			<key>fileEncoding</key>
			<string>4</string>
			<key>isa</key>
			<string>PBXFileReference</string>
			<key>lastKnownFileType</key>
			<string>sourcecode.swift</string>
			<key>path</key>
			<string>ConfigureScanServiceViewController.swift</string>
			<key>sourceTree</key>
			<string>&lt;group&gt;</string>
		</dict>
		<key>059F670A19D747EA00F53D56</key>
		<dict>
			<key>fileRef</key>
			<string>059F670919D747EA00F53D56</string>
			<key>isa</key>
			<string>PBXBuildFile</string>
		</dict>
		<key>05B1AEB9197C285700371E73</key>
		<dict>
			<key>fileEncoding</key>
			<string>4</string>
			<key>isa</key>
			<string>PBXFileReference</string>
			<key>lastKnownFileType</key>
			<string>sourcecode.swift</string>
			<key>lineEnding</key>
			<string>0</string>
			<key>path</key>
			<string>PeripheralServiceCharacteristicEditValueViewController.swift</string>
			<key>sourceTree</key>
			<string>&lt;group&gt;</string>
			<key>xcLanguageSpecificationIdentifier</key>
			<string>xcode.lang.swift</string>
		</dict>
		<key>05B1AEBA197C285700371E73</key>
		<dict>
			<key>fileRef</key>
			<string>05B1AEB9197C285700371E73</string>
			<key>isa</key>
			<string>PBXBuildFile</string>
		</dict>
		<key>05B1AEBB197C28DE00371E73</key>
		<dict>
			<key>fileEncoding</key>
			<string>4</string>
			<key>isa</key>
			<string>PBXFileReference</string>
			<key>lastKnownFileType</key>
			<string>sourcecode.swift</string>
			<key>lineEnding</key>
			<string>0</string>
			<key>path</key>
			<string>PeripheralServiceCharacteristicEditDiscreteValuesViewController.swift</string>
			<key>sourceTree</key>
			<string>&lt;group&gt;</string>
			<key>xcLanguageSpecificationIdentifier</key>
			<string>xcode.lang.swift</string>
		</dict>
		<key>05B1AEBC197C28DE00371E73</key>
		<dict>
			<key>fileRef</key>
			<string>05B1AEBB197C28DE00371E73</string>
			<key>isa</key>
			<string>PBXBuildFile</string>
		</dict>
		<key>05B45BE819A78BA2009DAF6D</key>
		<dict>
			<key>fileEncoding</key>
			<string>4</string>
			<key>isa</key>
			<string>PBXFileReference</string>
			<key>lastKnownFileType</key>
			<string>sourcecode.swift</string>
			<key>path</key>
			<string>SimpleCell.swift</string>
			<key>sourceTree</key>
			<string>&lt;group&gt;</string>
		</dict>
		<key>05B45BE919A78BA2009DAF6D</key>
		<dict>
			<key>fileEncoding</key>
			<string>4</string>
			<key>isa</key>
			<string>PBXFileReference</string>
			<key>lastKnownFileType</key>
			<string>sourcecode.swift</string>
			<key>lineEnding</key>
			<string>0</string>
			<key>path</key>
			<string>PeripheralManagerServiceCharacteristicEditDiscreteValuesViewController.swift</string>
			<key>sourceTree</key>
			<string>&lt;group&gt;</string>
			<key>xcLanguageSpecificationIdentifier</key>
			<string>xcode.lang.swift</string>
		</dict>
		<key>05B45BEA19A78BA2009DAF6D</key>
		<dict>
			<key>fileEncoding</key>
			<string>4</string>
			<key>isa</key>
			<string>PBXFileReference</string>
			<key>lastKnownFileType</key>
			<string>sourcecode.swift</string>
			<key>lineEnding</key>
			<string>0</string>
			<key>path</key>
			<string>PeripheralManagerServiceCharacteristicEditValueViewController.swift</string>
			<key>sourceTree</key>
			<string>&lt;group&gt;</string>
			<key>xcLanguageSpecificationIdentifier</key>
			<string>xcode.lang.swift</string>
		</dict>
		<key>05B45BEB19A78BA2009DAF6D</key>
		<dict>
			<key>fileEncoding</key>
			<string>4</string>
			<key>isa</key>
			<string>PBXFileReference</string>
			<key>lastKnownFileType</key>
			<string>sourcecode.swift</string>
			<key>lineEnding</key>
			<string>0</string>
			<key>path</key>
			<string>PeripheralManagerServiceCharacteristicsViewController.swift</string>
			<key>sourceTree</key>
			<string>&lt;group&gt;</string>
			<key>xcLanguageSpecificationIdentifier</key>
			<string>xcode.lang.swift</string>
		</dict>
		<key>05B45BEC19A78BA2009DAF6D</key>
		<dict>
			<key>fileEncoding</key>
			<string>4</string>
			<key>isa</key>
			<string>PBXFileReference</string>
			<key>lastKnownFileType</key>
			<string>sourcecode.swift</string>
			<key>lineEnding</key>
			<string>0</string>
			<key>path</key>
			<string>PeripheralManagerServiceCharacteristicViewController.swift</string>
			<key>sourceTree</key>
			<string>&lt;group&gt;</string>
			<key>xcLanguageSpecificationIdentifier</key>
			<string>xcode.lang.swift</string>
		</dict>
		<key>05B45BED19A78BA2009DAF6D</key>
		<dict>
			<key>fileEncoding</key>
			<string>4</string>
			<key>isa</key>
			<string>PBXFileReference</string>
			<key>lastKnownFileType</key>
			<string>sourcecode.swift</string>
			<key>lineEnding</key>
			<string>0</string>
			<key>path</key>
			<string>PeripheralManagerServiceProfilesViewController.swift</string>
			<key>sourceTree</key>
			<string>&lt;group&gt;</string>
			<key>xcLanguageSpecificationIdentifier</key>
			<string>xcode.lang.swift</string>
		</dict>
		<key>05B45BEE19A78BA2009DAF6D</key>
		<dict>
			<key>fileEncoding</key>
			<string>4</string>
			<key>isa</key>
			<string>PBXFileReference</string>
			<key>lastKnownFileType</key>
			<string>sourcecode.swift</string>
			<key>lineEnding</key>
			<string>0</string>
			<key>path</key>
			<string>PeripheralManagerServicesCharacteristicValuesViewController.swift</string>
			<key>sourceTree</key>
			<string>&lt;group&gt;</string>
			<key>xcLanguageSpecificationIdentifier</key>
			<string>xcode.lang.swift</string>
		</dict>
		<key>05B45BEF19A78BA2009DAF6D</key>
		<dict>
			<key>fileEncoding</key>
			<string>4</string>
			<key>isa</key>
			<string>PBXFileReference</string>
			<key>lastKnownFileType</key>
			<string>sourcecode.swift</string>
			<key>lineEnding</key>
			<string>0</string>
			<key>path</key>
			<string>PeripheralManagerServicesViewController.swift</string>
			<key>sourceTree</key>
			<string>&lt;group&gt;</string>
			<key>xcLanguageSpecificationIdentifier</key>
			<string>xcode.lang.swift</string>
		</dict>
		<key>05B45BF019A78BA2009DAF6D</key>
		<dict>
			<key>fileEncoding</key>
			<string>4</string>
			<key>isa</key>
			<string>PBXFileReference</string>
			<key>lastKnownFileType</key>
			<string>sourcecode.swift</string>
			<key>path</key>
			<string>PeripheralManagersViewController.swift</string>
			<key>sourceTree</key>
			<string>&lt;group&gt;</string>
		</dict>
		<key>05B45BF119A78BA2009DAF6D</key>
		<dict>
			<key>fileEncoding</key>
			<string>4</string>
			<key>isa</key>
			<string>PBXFileReference</string>
			<key>lastKnownFileType</key>
			<string>sourcecode.swift</string>
			<key>lineEnding</key>
			<string>0</string>
			<key>path</key>
			<string>PeripheralManagerViewController.swift</string>
			<key>sourceTree</key>
			<string>&lt;group&gt;</string>
			<key>xcLanguageSpecificationIdentifier</key>
			<string>xcode.lang.swift</string>
		</dict>
		<key>05B45BF219A78BA2009DAF6D</key>
		<dict>
			<key>fileRef</key>
			<string>05B45BE819A78BA2009DAF6D</string>
			<key>isa</key>
			<string>PBXBuildFile</string>
		</dict>
		<key>05B45BF319A78BA2009DAF6D</key>
		<dict>
			<key>fileRef</key>
			<string>05B45BE919A78BA2009DAF6D</string>
			<key>isa</key>
			<string>PBXBuildFile</string>
		</dict>
		<key>05B45BF419A78BA2009DAF6D</key>
		<dict>
			<key>fileRef</key>
			<string>05B45BEA19A78BA2009DAF6D</string>
			<key>isa</key>
			<string>PBXBuildFile</string>
		</dict>
		<key>05B45BF519A78BA2009DAF6D</key>
		<dict>
			<key>fileRef</key>
			<string>05B45BEB19A78BA2009DAF6D</string>
			<key>isa</key>
			<string>PBXBuildFile</string>
		</dict>
		<key>05B45BF619A78BA2009DAF6D</key>
		<dict>
			<key>fileRef</key>
			<string>05B45BEC19A78BA2009DAF6D</string>
			<key>isa</key>
			<string>PBXBuildFile</string>
		</dict>
		<key>05B45BF719A78BA2009DAF6D</key>
		<dict>
			<key>fileRef</key>
			<string>05B45BED19A78BA2009DAF6D</string>
			<key>isa</key>
			<string>PBXBuildFile</string>
		</dict>
		<key>05B45BF819A78BA2009DAF6D</key>
		<dict>
			<key>fileRef</key>
			<string>05B45BEE19A78BA2009DAF6D</string>
			<key>isa</key>
			<string>PBXBuildFile</string>
		</dict>
		<key>05B45BF919A78BA2009DAF6D</key>
		<dict>
			<key>fileRef</key>
			<string>05B45BEF19A78BA2009DAF6D</string>
			<key>isa</key>
			<string>PBXBuildFile</string>
		</dict>
		<key>05B45BFA19A78BA2009DAF6D</key>
		<dict>
			<key>fileRef</key>
			<string>05B45BF019A78BA2009DAF6D</string>
			<key>isa</key>
			<string>PBXBuildFile</string>
		</dict>
		<key>05B45BFB19A78BA2009DAF6D</key>
		<dict>
			<key>fileRef</key>
			<string>05B45BF119A78BA2009DAF6D</string>
			<key>isa</key>
			<string>PBXBuildFile</string>
		</dict>
		<key>05B45BFC19A78BBB009DAF6D</key>
		<dict>
			<key>children</key>
			<array>
				<string>05CA6C1419FA6C2C00088A39</string>
				<string>052A1EBC1C78CEB200FBB45B</string>
				<string>052A1EBE1C78CEDA00FBB45B</string>
				<string>05CA6C1119FA6AD000088A39</string>
				<string>052A1ECB1C8CCDD300FBB45B</string>
				<string>05883B2C19F7E21100CE8435</string>
				<string>052A1EBA1C77707A00FBB45B</string>
				<string>05D9D51319B0E36B001DBEBC</string>
				<string>05D9D51519B0E464001DBEBC</string>
				<string>059F670919D747EA00F53D56</string>
				<string>053B0CC119BF2717006C7D1F</string>
				<string>05D9D50D19B0DA4C001DBEBC</string>
			</array>
			<key>isa</key>
			<string>PBXGroup</string>
			<key>path</key>
			<string>Configure</string>
			<key>sourceTree</key>
			<string>&lt;group&gt;</string>
		</dict>
		<key>05B45BFD19A78C53009DAF6D</key>
		<dict>
			<key>fileEncoding</key>
			<string>4</string>
			<key>isa</key>
			<string>PBXFileReference</string>
			<key>lastKnownFileType</key>
			<string>sourcecode.swift</string>
			<key>path</key>
			<string>ServiceProfilesTableViewController.swift</string>
			<key>sourceTree</key>
			<string>&lt;group&gt;</string>
		</dict>
		<key>05B45BFE19A78C53009DAF6D</key>
		<dict>
			<key>fileRef</key>
			<string>05B45BFD19A78C53009DAF6D</string>
			<key>isa</key>
			<string>PBXBuildFile</string>
		</dict>
		<key>05B45BFF19A78C6B009DAF6D</key>
		<dict>
			<key>fileEncoding</key>
			<string>4</string>
			<key>isa</key>
			<string>PBXFileReference</string>
			<key>lastKnownFileType</key>
			<string>sourcecode.swift</string>
			<key>lineEnding</key>
			<string>0</string>
			<key>path</key>
			<string>PeripheralStore.swift</string>
			<key>sourceTree</key>
			<string>&lt;group&gt;</string>
			<key>xcLanguageSpecificationIdentifier</key>
			<string>xcode.lang.swift</string>
		</dict>
		<key>05B45C0019A78C6B009DAF6D</key>
		<dict>
			<key>fileEncoding</key>
			<string>4</string>
			<key>isa</key>
			<string>PBXFileReference</string>
			<key>lastKnownFileType</key>
			<string>sourcecode.swift</string>
			<key>path</key>
			<string>ProgressView.swift</string>
			<key>sourceTree</key>
			<string>&lt;group&gt;</string>
		</dict>
		<key>05B45C0119A78C6B009DAF6D</key>
		<dict>
			<key>fileEncoding</key>
			<string>4</string>
			<key>isa</key>
			<string>PBXFileReference</string>
			<key>lastKnownFileType</key>
			<string>sourcecode.swift</string>
			<key>path</key>
			<string>UIAlertControllerExtensions.swift</string>
			<key>sourceTree</key>
			<string>&lt;group&gt;</string>
		</dict>
		<key>05B45C0219A78C6B009DAF6D</key>
		<dict>
			<key>fileRef</key>
			<string>05B45BFF19A78C6B009DAF6D</string>
			<key>isa</key>
			<string>PBXBuildFile</string>
		</dict>
		<key>05B45C0319A78C6B009DAF6D</key>
		<dict>
			<key>fileRef</key>
			<string>05B45C0019A78C6B009DAF6D</string>
			<key>isa</key>
			<string>PBXBuildFile</string>
		</dict>
		<key>05B45C0419A78C6B009DAF6D</key>
		<dict>
			<key>fileRef</key>
			<string>05B45C0119A78C6B009DAF6D</string>
			<key>isa</key>
			<string>PBXBuildFile</string>
		</dict>
		<key>05B48B5119C8527100800327</key>
		<dict>
			<key>fileEncoding</key>
			<string>4</string>
			<key>isa</key>
			<string>PBXFileReference</string>
			<key>lastKnownFileType</key>
			<string>sourcecode.swift</string>
			<key>lineEnding</key>
			<string>0</string>
			<key>path</key>
			<string>BeaconRegionsViewController.swift</string>
			<key>sourceTree</key>
			<string>&lt;group&gt;</string>
			<key>xcLanguageSpecificationIdentifier</key>
			<string>xcode.lang.swift</string>
		</dict>
		<key>05B48B5219C8527100800327</key>
		<dict>
			<key>fileRef</key>
			<string>05B48B5119C8527100800327</string>
			<key>isa</key>
			<string>PBXBuildFile</string>
		</dict>
		<key>05B48B5319C85B6900800327</key>
		<dict>
			<key>fileEncoding</key>
			<string>4</string>
			<key>isa</key>
			<string>PBXFileReference</string>
			<key>lastKnownFileType</key>
			<string>sourcecode.swift</string>
			<key>path</key>
			<string>BeaconStore.swift</string>
			<key>sourceTree</key>
			<string>&lt;group&gt;</string>
		</dict>
		<key>05B48B5419C85B6900800327</key>
		<dict>
			<key>fileRef</key>
			<string>05B48B5319C85B6900800327</string>
			<key>isa</key>
			<string>PBXBuildFile</string>
		</dict>
		<key>05B48B5519C9B69400800327</key>
		<dict>
			<key>fileEncoding</key>
			<string>4</string>
			<key>isa</key>
			<string>PBXFileReference</string>
			<key>lastKnownFileType</key>
			<string>sourcecode.swift</string>
			<key>path</key>
			<string>BeaconRegionCell.swift</string>
			<key>sourceTree</key>
			<string>&lt;group&gt;</string>
		</dict>
		<key>05B48B5619C9B69400800327</key>
		<dict>
			<key>fileRef</key>
			<string>05B48B5519C9B69400800327</string>
			<key>isa</key>
			<string>PBXBuildFile</string>
		</dict>
		<key>05B48B5719C9B7DF00800327</key>
		<dict>
			<key>fileEncoding</key>
			<string>4</string>
			<key>isa</key>
			<string>PBXFileReference</string>
			<key>lastKnownFileType</key>
			<string>sourcecode.swift</string>
			<key>path</key>
			<string>BeaconCell.swift</string>
			<key>sourceTree</key>
			<string>&lt;group&gt;</string>
		</dict>
		<key>05B48B5819C9B7DF00800327</key>
		<dict>
			<key>fileRef</key>
			<string>05B48B5719C9B7DF00800327</string>
			<key>isa</key>
			<string>PBXBuildFile</string>
		</dict>
		<key>05B6F0751957715800D798CB</key>
		<dict>
			<key>fileEncoding</key>
			<string>4</string>
			<key>isa</key>
			<string>PBXFileReference</string>
			<key>lastKnownFileType</key>
			<string>sourcecode.swift</string>
			<key>lineEnding</key>
			<string>0</string>
			<key>path</key>
			<string>PeripheralServicesViewController.swift</string>
			<key>sourceTree</key>
			<string>&lt;group&gt;</string>
			<key>xcLanguageSpecificationIdentifier</key>
			<string>xcode.lang.swift</string>
		</dict>
		<key>05B6F0761957715800D798CB</key>
		<dict>
			<key>fileRef</key>
			<string>05B6F0751957715800D798CB</string>
			<key>isa</key>
			<string>PBXBuildFile</string>
		</dict>
		<key>05B6F0771957ACF300D798CB</key>
		<dict>
			<key>fileEncoding</key>
			<string>4</string>
			<key>isa</key>
			<string>PBXFileReference</string>
			<key>lastKnownFileType</key>
			<string>sourcecode.swift</string>
			<key>path</key>
			<string>NameUUIDCell.swift</string>
			<key>sourceTree</key>
			<string>&lt;group&gt;</string>
		</dict>
		<key>05B6F0781957ACF300D798CB</key>
		<dict>
			<key>fileRef</key>
			<string>05B6F0771957ACF300D798CB</string>
			<key>isa</key>
			<string>PBXBuildFile</string>
		</dict>
		<key>05B6F07A19587AB700D798CB</key>
		<dict>
			<key>fileEncoding</key>
			<string>4</string>
			<key>isa</key>
			<string>PBXFileReference</string>
			<key>lastKnownFileType</key>
			<string>sourcecode.swift</string>
			<key>lineEnding</key>
			<string>0</string>
			<key>path</key>
			<string>PeripheralServiceCharacteristicsViewController.swift</string>
			<key>sourceTree</key>
			<string>&lt;group&gt;</string>
			<key>xcLanguageSpecificationIdentifier</key>
			<string>xcode.lang.swift</string>
		</dict>
		<key>05B6F07B19587AB700D798CB</key>
		<dict>
			<key>fileRef</key>
			<string>05B6F07A19587AB700D798CB</string>
			<key>isa</key>
			<string>PBXBuildFile</string>
		</dict>
		<key>05B6F07E19591AE300D798CB</key>
		<dict>
			<key>fileEncoding</key>
			<string>4</string>
			<key>isa</key>
			<string>PBXFileReference</string>
			<key>lastKnownFileType</key>
			<string>sourcecode.swift</string>
			<key>lineEnding</key>
			<string>0</string>
			<key>path</key>
			<string>PeripheralServiceCharacteristicViewController.swift</string>
			<key>sourceTree</key>
			<string>&lt;group&gt;</string>
			<key>xcLanguageSpecificationIdentifier</key>
			<string>xcode.lang.swift</string>
		</dict>
		<key>05B6F07F19591AE300D798CB</key>
		<dict>
			<key>fileRef</key>
			<string>05B6F07E19591AE300D798CB</string>
			<key>isa</key>
			<string>PBXBuildFile</string>
		</dict>
		<key>05B8831019DE4A7D00F34FF0</key>
		<dict>
			<key>fileEncoding</key>
			<string>4</string>
			<key>isa</key>
			<string>PBXFileReference</string>
			<key>lastKnownFileType</key>
			<string>sourcecode.swift</string>
			<key>lineEnding</key>
			<string>0</string>
			<key>path</key>
			<string>PeripheralManagerAdvertisedServicesViewController.swift</string>
			<key>sourceTree</key>
			<string>&lt;group&gt;</string>
			<key>xcLanguageSpecificationIdentifier</key>
			<string>xcode.lang.swift</string>
		</dict>
		<key>05B8831119DE4A7D00F34FF0</key>
		<dict>
			<key>fileRef</key>
			<string>05B8831019DE4A7D00F34FF0</string>
			<key>isa</key>
			<string>PBXBuildFile</string>
		</dict>
		<key>05CA6C1119FA6AD000088A39</key>
		<dict>
			<key>fileEncoding</key>
			<string>4</string>
			<key>isa</key>
			<string>PBXFileReference</string>
			<key>lastKnownFileType</key>
			<string>sourcecode.swift</string>
			<key>path</key>
			<string>ConfigurePeripheralConnectionTimeoutViewController.swift</string>
			<key>sourceTree</key>
			<string>&lt;group&gt;</string>
		</dict>
		<key>05CA6C1219FA6AD000088A39</key>
		<dict>
			<key>fileRef</key>
			<string>05CA6C1119FA6AD000088A39</string>
			<key>isa</key>
			<string>PBXBuildFile</string>
		</dict>
		<key>05CA6C1419FA6C2C00088A39</key>
		<dict>
			<key>fileEncoding</key>
			<string>4</string>
			<key>isa</key>
			<string>PBXFileReference</string>
			<key>lastKnownFileType</key>
			<string>sourcecode.swift</string>
			<key>path</key>
			<string>ConfigureCharacteristicReadWriteTimeoutViewController.swift</string>
			<key>sourceTree</key>
			<string>&lt;group&gt;</string>
		</dict>
		<key>05CA6C1519FA6C2C00088A39</key>
		<dict>
			<key>fileRef</key>
			<string>05CA6C1419FA6C2C00088A39</string>
			<key>isa</key>
			<string>PBXBuildFile</string>
		</dict>
		<key>05D9D50919B0D7B0001DBEBC</key>
		<dict>
			<key>fileEncoding</key>
			<string>4</string>
			<key>isa</key>
			<string>PBXFileReference</string>
			<key>lastKnownFileType</key>
			<string>sourcecode.swift</string>
			<key>path</key>
			<string>ConfigStore.swift</string>
			<key>sourceTree</key>
			<string>&lt;group&gt;</string>
		</dict>
		<key>05D9D50A19B0D7B0001DBEBC</key>
		<dict>
			<key>fileRef</key>
			<string>05D9D50919B0D7B0001DBEBC</string>
			<key>isa</key>
			<string>PBXBuildFile</string>
		</dict>
		<key>05D9D50D19B0DA4C001DBEBC</key>
		<dict>
			<key>fileEncoding</key>
			<string>4</string>
			<key>isa</key>
			<string>PBXFileReference</string>
			<key>lastKnownFileType</key>
			<string>sourcecode.swift</string>
			<key>path</key>
			<string>ConfigureViewController.swift</string>
			<key>sourceTree</key>
			<string>&lt;group&gt;</string>
		</dict>
		<key>05D9D50E19B0DA4C001DBEBC</key>
		<dict>
			<key>fileRef</key>
			<string>05D9D50D19B0DA4C001DBEBC</string>
			<key>isa</key>
			<string>PBXBuildFile</string>
		</dict>
		<key>05D9D51319B0E36B001DBEBC</key>
		<dict>
			<key>fileEncoding</key>
			<string>4</string>
			<key>isa</key>
			<string>PBXFileReference</string>
			<key>lastKnownFileType</key>
			<string>sourcecode.swift</string>
			<key>path</key>
			<string>ConfigureScanModeViewController.swift</string>
			<key>sourceTree</key>
			<string>&lt;group&gt;</string>
		</dict>
		<key>05D9D51419B0E36B001DBEBC</key>
		<dict>
			<key>fileRef</key>
			<string>05D9D51319B0E36B001DBEBC</string>
			<key>isa</key>
			<string>PBXBuildFile</string>
		</dict>
		<key>05D9D51519B0E464001DBEBC</key>
		<dict>
			<key>fileEncoding</key>
			<string>4</string>
			<key>isa</key>
			<string>PBXFileReference</string>
			<key>lastKnownFileType</key>
			<string>sourcecode.swift</string>
			<key>path</key>
			<string>ConfigureScanServicesViewController.swift</string>
			<key>sourceTree</key>
			<string>&lt;group&gt;</string>
		</dict>
		<key>05D9D51619B0E464001DBEBC</key>
		<dict>
			<key>fileRef</key>
			<string>05D9D51519B0E464001DBEBC</string>
			<key>isa</key>
			<string>PBXBuildFile</string>
		</dict>
		<key>05E68700194FF5A2009B38DA</key>
		<dict>
			<key>fileEncoding</key>
			<string>4</string>
			<key>isa</key>
			<string>PBXFileReference</string>
			<key>lastKnownFileType</key>
			<string>sourcecode.swift</string>
			<key>lineEnding</key>
			<string>0</string>
			<key>path</key>
			<string>PeripheralViewController.swift</string>
			<key>sourceTree</key>
			<string>&lt;group&gt;</string>
			<key>xcLanguageSpecificationIdentifier</key>
			<string>xcode.lang.swift</string>
		</dict>
		<key>05E68701194FF5A2009B38DA</key>
		<dict>
			<key>fileRef</key>
			<string>05E68700194FF5A2009B38DA</string>
			<key>isa</key>
			<string>PBXBuildFile</string>
		</dict>
		<key>05E6870219508799009B38DA</key>
		<dict>
			<key>children</key>
			<array>
				<string>056B7C7619DE5E18001B7F95</string>
				<string>05B8831019DE4A7D00F34FF0</string>
				<string>056B7C7919E062A9001B7F95</string>
				<string>0530B62819D8F78000F366B6</string>
				<string>0530B62A19D8F7F800F366B6</string>
				<string>05B45BE919A78BA2009DAF6D</string>
				<string>05B45BEA19A78BA2009DAF6D</string>
				<string>05B45BEB19A78BA2009DAF6D</string>
				<string>05B45BEC19A78BA2009DAF6D</string>
				<string>05B45BED19A78BA2009DAF6D</string>
				<string>05B45BEE19A78BA2009DAF6D</string>
				<string>05B45BEF19A78BA2009DAF6D</string>
				<string>05B45BF019A78BA2009DAF6D</string>
				<string>05B45BF119A78BA2009DAF6D</string>
				<string>05B45BE819A78BA2009DAF6D</string>
			</array>
			<key>isa</key>
			<string>PBXGroup</string>
			<key>path</key>
			<string>Peripheral</string>
			<key>sourceTree</key>
			<string>&lt;group&gt;</string>
		</dict>
		<key>05E68703195087D0009B38DA</key>
		<dict>
			<key>children</key>
			<array>
				<string>05B45BFD19A78C53009DAF6D</string>
				<string>05F2A8D6199271FA00004260</string>
				<string>05F2A8D7199271FA00004260</string>
				<string>05F2A8D8199271FA00004260</string>
				<string>05F2A8D9199271FA00004260</string>
			</array>
			<key>isa</key>
			<string>PBXGroup</string>
			<key>path</key>
			<string>Profiles</string>
			<key>sourceTree</key>
			<string>&lt;group&gt;</string>
		</dict>
		<key>05E68706195301B1009B38DA</key>
		<dict>
			<key>fileEncoding</key>
			<string>4</string>
			<key>isa</key>
			<string>PBXFileReference</string>
			<key>lastKnownFileType</key>
			<string>sourcecode.swift</string>
			<key>lineEnding</key>
			<string>0</string>
			<key>path</key>
			<string>PeripheralAdvertisementsViewController.swift</string>
			<key>sourceTree</key>
			<string>&lt;group&gt;</string>
			<key>xcLanguageSpecificationIdentifier</key>
			<string>xcode.lang.swift</string>
		</dict>
		<key>05E68707195301B1009B38DA</key>
		<dict>
			<key>fileRef</key>
			<string>05E68706195301B1009B38DA</string>
			<key>isa</key>
			<string>PBXBuildFile</string>
		</dict>
		<key>05F2A8D6199271FA00004260</key>
		<dict>
			<key>fileEncoding</key>
			<string>4</string>
			<key>isa</key>
			<string>PBXFileReference</string>
			<key>lastKnownFileType</key>
			<string>sourcecode.swift</string>
			<key>path</key>
			<string>ServiceCharacteristicProfilesViewController.swift</string>
			<key>sourceTree</key>
			<string>&lt;group&gt;</string>
		</dict>
		<key>05F2A8D7199271FA00004260</key>
		<dict>
			<key>fileEncoding</key>
			<string>4</string>
			<key>isa</key>
			<string>PBXFileReference</string>
			<key>lastKnownFileType</key>
			<string>sourcecode.swift</string>
			<key>path</key>
			<string>ServiceCharacteristicProfileValuesViewController.swift</string>
			<key>sourceTree</key>
			<string>&lt;group&gt;</string>
		</dict>
		<key>05F2A8D8199271FA00004260</key>
		<dict>
			<key>fileEncoding</key>
			<string>4</string>
			<key>isa</key>
			<string>PBXFileReference</string>
			<key>lastKnownFileType</key>
			<string>sourcecode.swift</string>
			<key>path</key>
			<string>ServiceCharacteristicProfileViewController.swift</string>
			<key>sourceTree</key>
			<string>&lt;group&gt;</string>
		</dict>
		<key>05F2A8D9199271FA00004260</key>
		<dict>
			<key>fileEncoding</key>
			<string>4</string>
			<key>isa</key>
			<string>PBXFileReference</string>
			<key>lastKnownFileType</key>
			<string>sourcecode.swift</string>
			<key>path</key>
			<string>ServiceProfilesViewController.swift</string>
			<key>sourceTree</key>
			<string>&lt;group&gt;</string>
		</dict>
		<key>05F2A8DA199271FA00004260</key>
		<dict>
			<key>fileRef</key>
			<string>05F2A8D6199271FA00004260</string>
			<key>isa</key>
			<string>PBXBuildFile</string>
		</dict>
		<key>05F2A8DB199271FA00004260</key>
		<dict>
			<key>fileRef</key>
			<string>05F2A8D7199271FA00004260</string>
			<key>isa</key>
			<string>PBXBuildFile</string>
		</dict>
		<key>05F2A8DC199271FA00004260</key>
		<dict>
			<key>fileRef</key>
			<string>05F2A8D8199271FA00004260</string>
			<key>isa</key>
			<string>PBXBuildFile</string>
		</dict>
		<key>05F2A8DD199271FA00004260</key>
		<dict>
			<key>fileRef</key>
			<string>05F2A8D9199271FA00004260</string>
			<key>isa</key>
			<string>PBXBuildFile</string>
		</dict>
		<key>05FAFC3419D30247003725B0</key>
		<dict>
			<key>fileEncoding</key>
			<string>4</string>
			<key>isa</key>
			<string>PBXFileReference</string>
			<key>lastKnownFileType</key>
			<string>sourcecode.swift</string>
			<key>path</key>
			<string>Notification.swift</string>
			<key>sourceTree</key>
			<string>&lt;group&gt;</string>
		</dict>
		<key>05FAFC3519D30247003725B0</key>
		<dict>
			<key>fileRef</key>
			<string>05FAFC3419D30247003725B0</string>
			<key>isa</key>
			<string>PBXBuildFile</string>
		</dict>
		<key>2FF42D8F98FA1AFBF166E221</key>
		<dict>
			<key>fileRef</key>
			<string>DC8206C9B9327CA0AD1A2D40</string>
			<key>isa</key>
			<string>PBXBuildFile</string>
		</dict>
		<key>6A2DF9710577BAB5AB17D2EE</key>
		<dict>
			<key>children</key>
			<array>
				<string>B97E53E03F20BF5D8CF51DE9</string>
				<string>6E242C02ED3FA2BF5DCE965F</string>
			</array>
			<key>isa</key>
			<string>PBXGroup</string>
			<key>name</key>
			<string>Pods</string>
			<key>sourceTree</key>
			<string>&lt;group&gt;</string>
		</dict>
		<key>6E242C02ED3FA2BF5DCE965F</key>
		<dict>
			<key>includeInIndex</key>
			<string>1</string>
			<key>isa</key>
			<string>PBXFileReference</string>
			<key>lastKnownFileType</key>
			<string>text.xcconfig</string>
			<key>name</key>
			<string>Pods-BlueCap.release.xcconfig</string>
			<key>path</key>
			<string>Pods/Target Support Files/Pods-BlueCap/Pods-BlueCap.release.xcconfig</string>
			<key>sourceTree</key>
			<string>&lt;group&gt;</string>
		</dict>
		<key>815C16D4BD28DD39AF8E6024</key>
		<dict>
			<key>buildActionMask</key>
			<string>2147483647</string>
			<key>files</key>
			<array/>
			<key>inputPaths</key>
			<array/>
			<key>isa</key>
			<string>PBXShellScriptBuildPhase</string>
			<key>name</key>
			<string>&#128230; Copy Pods Resources</string>
			<key>outputPaths</key>
			<array/>
			<key>runOnlyForDeploymentPostprocessing</key>
			<string>0</string>
			<key>shellPath</key>
			<string>/bin/sh</string>
			<key>shellScript</key>
			<string>"${SRCROOT}/Pods/Target Support Files/Pods-BlueCap/Pods-BlueCap-resources.sh"
</string>
			<key>showEnvVarsInLog</key>
			<string>0</string>
		</dict>
		<key>9A1CBB028E7BECCB537A30AD</key>
		<dict>
			<key>buildActionMask</key>
			<string>2147483647</string>
			<key>files</key>
			<array/>
			<key>inputPaths</key>
			<array/>
			<key>isa</key>
			<string>PBXShellScriptBuildPhase</string>
			<key>name</key>
			<string>&#128230; Check Pods Manifest.lock</string>
			<key>outputPaths</key>
			<array/>
			<key>runOnlyForDeploymentPostprocessing</key>
			<string>0</string>
			<key>shellPath</key>
			<string>/bin/sh</string>
			<key>shellScript</key>
			<string>diff "${PODS_ROOT}/../Podfile.lock" "${PODS_ROOT}/Manifest.lock" &gt; /dev/null
if [[ $? != 0 ]] ; then
    cat &lt;&lt; EOM
error: The sandbox is not in sync with the Podfile.lock. Run 'pod install' or update your CocoaPods installation.
EOM
    exit 1
fi
</string>
			<key>showEnvVarsInLog</key>
			<string>0</string>
		</dict>
		<key>B97E53E03F20BF5D8CF51DE9</key>
		<dict>
			<key>includeInIndex</key>
			<string>1</string>
			<key>isa</key>
			<string>PBXFileReference</string>
			<key>lastKnownFileType</key>
			<string>text.xcconfig</string>
			<key>name</key>
			<string>Pods-BlueCap.debug.xcconfig</string>
			<key>path</key>
			<string>Pods/Target Support Files/Pods-BlueCap/Pods-BlueCap.debug.xcconfig</string>
			<key>sourceTree</key>
			<string>&lt;group&gt;</string>
		</dict>
		<key>C77F03EF9F3DA2F09E03A566</key>
		<dict>
			<key>buildActionMask</key>
			<string>2147483647</string>
			<key>files</key>
			<array/>
			<key>inputPaths</key>
			<array/>
			<key>isa</key>
			<string>PBXShellScriptBuildPhase</string>
			<key>name</key>
			<string>&#128230; Embed Pods Frameworks</string>
			<key>outputPaths</key>
			<array/>
			<key>runOnlyForDeploymentPostprocessing</key>
			<string>0</string>
			<key>shellPath</key>
			<string>/bin/sh</string>
			<key>shellScript</key>
			<string>"${SRCROOT}/Pods/Target Support Files/Pods-BlueCap/Pods-BlueCap-frameworks.sh"
</string>
			<key>showEnvVarsInLog</key>
			<string>0</string>
		</dict>
		<key>DC8206C9B9327CA0AD1A2D40</key>
		<dict>
			<key>explicitFileType</key>
			<string>wrapper.framework</string>
			<key>includeInIndex</key>
			<string>0</string>
			<key>isa</key>
			<string>PBXFileReference</string>
			<key>path</key>
			<string>Pods_BlueCap.framework</string>
			<key>sourceTree</key>
			<string>BUILT_PRODUCTS_DIR</string>
		</dict>
	</dict>
	<key>rootObject</key>
	<string>05840F57194206F100C744E6</string>
</dict>
</plist>
